// !$*UTF8*$!
{
	archiveVersion = 1;
	classes = {
	};
	objectVersion = 50;
	objects = {

/* Begin PBXBuildFile section */
		6122E3BC26C5E60600549161 /* UdemyFancyScoreViewApp.swift in Sources */ = {isa = PBXBuildFile; fileRef = 6122E3A926C5E60400549161 /* UdemyFancyScoreViewApp.swift */; };
		6122E3BD26C5E60600549161 /* UdemyFancyScoreViewApp.swift in Sources */ = {isa = PBXBuildFile; fileRef = 6122E3A926C5E60400549161 /* UdemyFancyScoreViewApp.swift */; };
		6122E3BE26C5E60600549161 /* ContentView.swift in Sources */ = {isa = PBXBuildFile; fileRef = 6122E3AA26C5E60400549161 /* ContentView.swift */; };
		6122E3BF26C5E60600549161 /* ContentView.swift in Sources */ = {isa = PBXBuildFile; fileRef = 6122E3AA26C5E60400549161 /* ContentView.swift */; };
		6122E3C026C5E60600549161 /* Assets.xcassets in Resources */ = {isa = PBXBuildFile; fileRef = 6122E3AB26C5E60600549161 /* Assets.xcassets */; };
		6122E3C126C5E60600549161 /* Assets.xcassets in Resources */ = {isa = PBXBuildFile; fileRef = 6122E3AB26C5E60600549161 /* Assets.xcassets */; };
/* End PBXBuildFile section */

/* Begin PBXFileReference section */
		6122E3A926C5E60400549161 /* UdemyFancyScoreViewApp.swift */ = {isa = PBXFileReference; lastKnownFileType = sourcecode.swift; path = UdemyFancyScoreViewApp.swift; sourceTree = "<group>"; };
		6122E3AA26C5E60400549161 /* ContentView.swift */ = {isa = PBXFileReference; lastKnownFileType = sourcecode.swift; path = ContentView.swift; sourceTree = "<group>"; };
		6122E3AB26C5E60600549161 /* Assets.xcassets */ = {isa = PBXFileReference; lastKnownFileType = folder.assetcatalog; path = Assets.xcassets; sourceTree = "<group>"; };
		6122E3B026C5E60600549161 /* UdemyFancyScoreView.app */ = {isa = PBXFileReference; explicitFileType = wrapper.application; includeInIndex = 0; path = UdemyFancyScoreView.app; sourceTree = BUILT_PRODUCTS_DIR; };
		6122E3B326C5E60600549161 /* Info.plist */ = {isa = PBXFileReference; lastKnownFileType = text.plist.xml; path = Info.plist; sourceTree = "<group>"; };
		6122E3B826C5E60600549161 /* UdemyFancyScoreView.app */ = {isa = PBXFileReference; explicitFileType = wrapper.application; includeInIndex = 0; path = UdemyFancyScoreView.app; sourceTree = BUILT_PRODUCTS_DIR; };
		6122E3BA26C5E60600549161 /* Info.plist */ = {isa = PBXFileReference; lastKnownFileType = text.plist.xml; path = Info.plist; sourceTree = "<group>"; };
		6122E3BB26C5E60600549161 /* macOS.entitlements */ = {isa = PBXFileReference; lastKnownFileType = text.plist.entitlements; path = macOS.entitlements; sourceTree = "<group>"; };
/* End PBXFileReference section */

/* Begin PBXFrameworksBuildPhase section */
		6122E3AD26C5E60600549161 /* Frameworks */ = {
			isa = PBXFrameworksBuildPhase;
			buildActionMask = 2147483647;
			files = (
			);
			runOnlyForDeploymentPostprocessing = 0;
		};
		6122E3B526C5E60600549161 /* Frameworks */ = {
			isa = PBXFrameworksBuildPhase;
			buildActionMask = 2147483647;
			files = (
			);
			runOnlyForDeploymentPostprocessing = 0;
		};
/* End PBXFrameworksBuildPhase section */

/* Begin PBXGroup section */
		6122E3A326C5E60400549161 = {
			isa = PBXGroup;
			children = (
				6122E3A826C5E60400549161 /* Shared */,
				6122E3B226C5E60600549161 /* iOS */,
				6122E3B926C5E60600549161 /* macOS */,
				6122E3B126C5E60600549161 /* Products */,
			);
			sourceTree = "<group>";
		};
		6122E3A826C5E60400549161 /* Shared */ = {
			isa = PBXGroup;
			children = (
				6122E3A926C5E60400549161 /* UdemyFancyScoreViewApp.swift */,
				6122E3AA26C5E60400549161 /* ContentView.swift */,
				6122E3AB26C5E60600549161 /* Assets.xcassets */,
			);
			path = Shared;
			sourceTree = "<group>";
		};
		6122E3B126C5E60600549161 /* Products */ = {
			isa = PBXGroup;
			children = (
				6122E3B026C5E60600549161 /* UdemyFancyScoreView.app */,
				6122E3B826C5E60600549161 /* UdemyFancyScoreView.app */,
			);
			name = Products;
			sourceTree = "<group>";
		};
		6122E3B226C5E60600549161 /* iOS */ = {
			isa = PBXGroup;
			children = (
				6122E3B326C5E60600549161 /* Info.plist */,
			);
			path = iOS;
			sourceTree = "<group>";
		};
		6122E3B926C5E60600549161 /* macOS */ = {
			isa = PBXGroup;
			children = (
				6122E3BA26C5E60600549161 /* Info.plist */,
				6122E3BB26C5E60600549161 /* macOS.entitlements */,
			);
			path = macOS;
			sourceTree = "<group>";
		};
/* End PBXGroup section */

/* Begin PBXNativeTarget section */
		6122E3AF26C5E60600549161 /* UdemyFancyScoreView (iOS) */ = {
			isa = PBXNativeTarget;
			buildConfigurationList = 6122E3C426C5E60600549161 /* Build configuration list for PBXNativeTarget "UdemyFancyScoreView (iOS)" */;
			buildPhases = (
				6122E3AC26C5E60600549161 /* Sources */,
				6122E3AD26C5E60600549161 /* Frameworks */,
				6122E3AE26C5E60600549161 /* Resources */,
			);
			buildRules = (
			);
			dependencies = (
			);
			name = "UdemyFancyScoreView (iOS)";
			productName = "UdemyFancyScoreView (iOS)";
			productReference = 6122E3B026C5E60600549161 /* UdemyFancyScoreView.app */;
			productType = "com.apple.product-type.application";
		};
		6122E3B726C5E60600549161 /* UdemyFancyScoreView (macOS) */ = {
			isa = PBXNativeTarget;
			buildConfigurationList = 6122E3C726C5E60600549161 /* Build configuration list for PBXNativeTarget "UdemyFancyScoreView (macOS)" */;
			buildPhases = (
				6122E3B426C5E60600549161 /* Sources */,
				6122E3B526C5E60600549161 /* Frameworks */,
				6122E3B626C5E60600549161 /* Resources */,
			);
			buildRules = (
			);
			dependencies = (
			);
			name = "UdemyFancyScoreView (macOS)";
			productName = "UdemyFancyScoreView (macOS)";
			productReference = 6122E3B826C5E60600549161 /* UdemyFancyScoreView.app */;
			productType = "com.apple.product-type.application";
		};
/* End PBXNativeTarget section */

/* Begin PBXProject section */
		6122E3A426C5E60400549161 /* Project object */ = {
			isa = PBXProject;
			attributes = {
				LastSwiftUpdateCheck = 1250;
				LastUpgradeCheck = 1250;
				TargetAttributes = {
					6122E3AF26C5E60600549161 = {
						CreatedOnToolsVersion = 12.5.1;
					};
					6122E3B726C5E60600549161 = {
						CreatedOnToolsVersion = 12.5.1;
					};
				};
			};
			buildConfigurationList = 6122E3A726C5E60400549161 /* Build configuration list for PBXProject "UdemyFancyScoreView" */;
			compatibilityVersion = "Xcode 9.3";
			developmentRegion = en;
			hasScannedForEncodings = 0;
			knownRegions = (
				en,
				Base,
			);
			mainGroup = 6122E3A326C5E60400549161;
			productRefGroup = 6122E3B126C5E60600549161 /* Products */;
			projectDirPath = "";
			projectRoot = "";
			targets = (
				6122E3AF26C5E60600549161 /* UdemyFancyScoreView (iOS) */,
				6122E3B726C5E60600549161 /* UdemyFancyScoreView (macOS) */,
			);
		};
/* End PBXProject section */

/* Begin PBXResourcesBuildPhase section */
		6122E3AE26C5E60600549161 /* Resources */ = {
			isa = PBXResourcesBuildPhase;
			buildActionMask = 2147483647;
			files = (
				6122E3C026C5E60600549161 /* Assets.xcassets in Resources */,
			);
			runOnlyForDeploymentPostprocessing = 0;
		};
		6122E3B626C5E60600549161 /* Resources */ = {
			isa = PBXResourcesBuildPhase;
			buildActionMask = 2147483647;
			files = (
				6122E3C126C5E60600549161 /* Assets.xcassets in Resources */,
			);
			runOnlyForDeploymentPostprocessing = 0;
		};
/* End PBXResourcesBuildPhase section */

/* Begin PBXSourcesBuildPhase section */
		6122E3AC26C5E60600549161 /* Sources */ = {
			isa = PBXSourcesBuildPhase;
			buildActionMask = 2147483647;
			files = (
				6122E3BE26C5E60600549161 /* ContentView.swift in Sources */,
				6122E3BC26C5E60600549161 /* UdemyFancyScoreViewApp.swift in Sources */,
			);
			runOnlyForDeploymentPostprocessing = 0;
		};
		6122E3B426C5E60600549161 /* Sources */ = {
			isa = PBXSourcesBuildPhase;
			buildActionMask = 2147483647;
			files = (
				6122E3BF26C5E60600549161 /* ContentView.swift in Sources */,
				6122E3BD26C5E60600549161 /* UdemyFancyScoreViewApp.swift in Sources */,
			);
			runOnlyForDeploymentPostprocessing = 0;
		};
/* End PBXSourcesBuildPhase section */

/* Begin XCBuildConfiguration section */
		6122E3C226C5E60600549161 /* Debug */ = {
			isa = XCBuildConfiguration;
			buildSettings = {
				ALWAYS_SEARCH_USER_PATHS = NO;
				CLANG_ANALYZER_NONNULL = YES;
				CLANG_ANALYZER_NUMBER_OBJECT_CONVERSION = YES_AGGRESSIVE;
				CLANG_CXX_LANGUAGE_STANDARD = "gnu++14";
				CLANG_CXX_LIBRARY = "libc++";
				CLANG_ENABLE_MODULES = YES;
				CLANG_ENABLE_OBJC_ARC = YES;
				CLANG_ENABLE_OBJC_WEAK = YES;
				CLANG_WARN_BLOCK_CAPTURE_AUTORELEASING = YES;
				CLANG_WARN_BOOL_CONVERSION = YES;
				CLANG_WARN_COMMA = YES;
				CLANG_WARN_CONSTANT_CONVERSION = YES;
				CLANG_WARN_DEPRECATED_OBJC_IMPLEMENTATIONS = YES;
				CLANG_WARN_DIRECT_OBJC_ISA_USAGE = YES_ERROR;
				CLANG_WARN_DOCUMENTATION_COMMENTS = YES;
				CLANG_WARN_EMPTY_BODY = YES;
				CLANG_WARN_ENUM_CONVERSION = YES;
				CLANG_WARN_INFINITE_RECURSION = YES;
				CLANG_WARN_INT_CONVERSION = YES;
				CLANG_WARN_NON_LITERAL_NULL_CONVERSION = YES;
				CLANG_WARN_OBJC_IMPLICIT_RETAIN_SELF = YES;
				CLANG_WARN_OBJC_LITERAL_CONVERSION = YES;
				CLANG_WARN_OBJC_ROOT_CLASS = YES_ERROR;
				CLANG_WARN_QUOTED_INCLUDE_IN_FRAMEWORK_HEADER = YES;
				CLANG_WARN_RANGE_LOOP_ANALYSIS = YES;
				CLANG_WARN_STRICT_PROTOTYPES = YES;
				CLANG_WARN_SUSPICIOUS_MOVE = YES;
				CLANG_WARN_UNGUARDED_AVAILABILITY = YES_AGGRESSIVE;
				CLANG_WARN_UNREACHABLE_CODE = YES;
				CLANG_WARN__DUPLICATE_METHOD_MATCH = YES;
				COPY_PHASE_STRIP = NO;
				DEBUG_INFORMATION_FORMAT = dwarf;
				ENABLE_STRICT_OBJC_MSGSEND = YES;
				ENABLE_TESTABILITY = YES;
				GCC_C_LANGUAGE_STANDARD = gnu11;
				GCC_DYNAMIC_NO_PIC = NO;
				GCC_NO_COMMON_BLOCKS = YES;
				GCC_OPTIMIZATION_LEVEL = 0;
				GCC_PREPROCESSOR_DEFINITIONS = (
					"DEBUG=1",
					"$(inherited)",
				);
				GCC_WARN_64_TO_32_BIT_CONVERSION = YES;
				GCC_WARN_ABOUT_RETURN_TYPE = YES_ERROR;
				GCC_WARN_UNDECLARED_SELECTOR = YES;
				GCC_WARN_UNINITIALIZED_AUTOS = YES_AGGRESSIVE;
				GCC_WARN_UNUSED_FUNCTION = YES;
				GCC_WARN_UNUSED_VARIABLE = YES;
				MTL_ENABLE_DEBUG_INFO = INCLUDE_SOURCE;
				MTL_FAST_MATH = YES;
				ONLY_ACTIVE_ARCH = YES;
				SWIFT_ACTIVE_COMPILATION_CONDITIONS = DEBUG;
				SWIFT_OPTIMIZATION_LEVEL = "-Onone";
			};
			name = Debug;
		};
		6122E3C326C5E60600549161 /* Release */ = {
			isa = XCBuildConfiguration;
			buildSettings = {
				ALWAYS_SEARCH_USER_PATHS = NO;
				CLANG_ANALYZER_NONNULL = YES;
				CLANG_ANALYZER_NUMBER_OBJECT_CONVERSION = YES_AGGRESSIVE;
				CLANG_CXX_LANGUAGE_STANDARD = "gnu++14";
				CLANG_CXX_LIBRARY = "libc++";
				CLANG_ENABLE_MODULES = YES;
				CLANG_ENABLE_OBJC_ARC = YES;
				CLANG_ENABLE_OBJC_WEAK = YES;
				CLANG_WARN_BLOCK_CAPTURE_AUTORELEASING = YES;
				CLANG_WARN_BOOL_CONVERSION = YES;
				CLANG_WARN_COMMA = YES;
				CLANG_WARN_CONSTANT_CONVERSION = YES;
				CLANG_WARN_DEPRECATED_OBJC_IMPLEMENTATIONS = YES;
				CLANG_WARN_DIRECT_OBJC_ISA_USAGE = YES_ERROR;
				CLANG_WARN_DOCUMENTATION_COMMENTS = YES;
				CLANG_WARN_EMPTY_BODY = YES;
				CLANG_WARN_ENUM_CONVERSION = YES;
				CLANG_WARN_INFINITE_RECURSION = YES;
				CLANG_WARN_INT_CONVERSION = YES;
				CLANG_WARN_NON_LITERAL_NULL_CONVERSION = YES;
				CLANG_WARN_OBJC_IMPLICIT_RETAIN_SELF = YES;
				CLANG_WARN_OBJC_LITERAL_CONVERSION = YES;
				CLANG_WARN_OBJC_ROOT_CLASS = YES_ERROR;
				CLANG_WARN_QUOTED_INCLUDE_IN_FRAMEWORK_HEADER = YES;
				CLANG_WARN_RANGE_LOOP_ANALYSIS = YES;
				CLANG_WARN_STRICT_PROTOTYPES = YES;
				CLANG_WARN_SUSPICIOUS_MOVE = YES;
				CLANG_WARN_UNGUARDED_AVAILABILITY = YES_AGGRESSIVE;
				CLANG_WARN_UNREACHABLE_CODE = YES;
				CLANG_WARN__DUPLICATE_METHOD_MATCH = YES;
				COPY_PHASE_STRIP = NO;
				DEBUG_INFORMATION_FORMAT = "dwarf-with-dsym";
				ENABLE_NS_ASSERTIONS = NO;
				ENABLE_STRICT_OBJC_MSGSEND = YES;
				GCC_C_LANGUAGE_STANDARD = gnu11;
				GCC_NO_COMMON_BLOCKS = YES;
				GCC_WARN_64_TO_32_BIT_CONVERSION = YES;
				GCC_WARN_ABOUT_RETURN_TYPE = YES_ERROR;
				GCC_WARN_UNDECLARED_SELECTOR = YES;
				GCC_WARN_UNINITIALIZED_AUTOS = YES_AGGRESSIVE;
				GCC_WARN_UNUSED_FUNCTION = YES;
				GCC_WARN_UNUSED_VARIABLE = YES;
				MTL_ENABLE_DEBUG_INFO = NO;
				MTL_FAST_MATH = YES;
				SWIFT_COMPILATION_MODE = wholemodule;
				SWIFT_OPTIMIZATION_LEVEL = "-O";
			};
			name = Release;
		};
		6122E3C526C5E60600549161 /* Debug */ = {
			isa = XCBuildConfiguration;
			buildSettings = {
				ASSETCATALOG_COMPILER_APPICON_NAME = AppIcon;
				ASSETCATALOG_COMPILER_GLOBAL_ACCENT_COLOR_NAME = AccentColor;
				CODE_SIGN_STYLE = Automatic;
				DEVELOPMENT_TEAM = 4WB58YL6KM;
				ENABLE_PREVIEWS = YES;
				INFOPLIST_FILE = iOS/Info.plist;
				IPHONEOS_DEPLOYMENT_TARGET = 14.0;
				LD_RUNPATH_SEARCH_PATHS = (
					"$(inherited)",
					"@executable_path/Frameworks",
				);
				PRODUCT_BUNDLE_IDENTIFIER = com.parksh.UdemyFancyScoreView;
				PRODUCT_NAME = UdemyFancyScoreView;
				SDKROOT = iphoneos;
				SWIFT_VERSION = 5.0;
				TARGETED_DEVICE_FAMILY = "1,2";
			};
			name = Debug;
		};
		6122E3C626C5E60600549161 /* Release */ = {
			isa = XCBuildConfiguration;
			buildSettings = {
				ASSETCATALOG_COMPILER_APPICON_NAME = AppIcon;
				ASSETCATALOG_COMPILER_GLOBAL_ACCENT_COLOR_NAME = AccentColor;
				CODE_SIGN_STYLE = Automatic;
				DEVELOPMENT_TEAM = 4WB58YL6KM;
				ENABLE_PREVIEWS = YES;
				INFOPLIST_FILE = iOS/Info.plist;
				IPHONEOS_DEPLOYMENT_TARGET = 14.0;
				LD_RUNPATH_SEARCH_PATHS = (
					"$(inherited)",
					"@executable_path/Frameworks",
				);
				PRODUCT_BUNDLE_IDENTIFIER = com.parksh.UdemyFancyScoreView;
				PRODUCT_NAME = UdemyFancyScoreView;
				SDKROOT = iphoneos;
				SWIFT_VERSION = 5.0;
				TARGETED_DEVICE_FAMILY = "1,2";
				VALIDATE_PRODUCT = YES;
			};
			name = Release;
		};
		6122E3C826C5E60600549161 /* Debug */ = {
			isa = XCBuildConfiguration;
			buildSettings = {
				ASSETCATALOG_COMPILER_APPICON_NAME = AppIcon;
				ASSETCATALOG_COMPILER_GLOBAL_ACCENT_COLOR_NAME = AccentColor;
				CODE_SIGN_ENTITLEMENTS = macOS/macOS.entitlements;
				CODE_SIGN_STYLE = Automatic;
				COMBINE_HIDPI_IMAGES = YES;
				DEVELOPMENT_TEAM = 4WB58YL6KM;
				ENABLE_HARDENED_RUNTIME = YES;
				ENABLE_PREVIEWS = YES;
				INFOPLIST_FILE = macOS/Info.plist;
				LD_RUNPATH_SEARCH_PATHS = (
					"$(inherited)",
					"@executable_path/../Frameworks",
				);
				MACOSX_DEPLOYMENT_TARGET = 11.0;
				PRODUCT_BUNDLE_IDENTIFIER = com.parksh.UdemyFancyScoreView;
				PRODUCT_NAME = UdemyFancyScoreView;
				SDKROOT = macosx;
				SWIFT_VERSION = 5.0;
			};
			name = Debug;
		};
		6122E3C926C5E60600549161 /* Release */ = {
			isa = XCBuildConfiguration;
			buildSettings = {
				ASSETCATALOG_COMPILER_APPICON_NAME = AppIcon;
				ASSETCATALOG_COMPILER_GLOBAL_ACCENT_COLOR_NAME = AccentColor;
				CODE_SIGN_ENTITLEMENTS = macOS/macOS.entitlements;
				CODE_SIGN_STYLE = Automatic;
				COMBINE_HIDPI_IMAGES = YES;
				DEVELOPMENT_TEAM = 4WB58YL6KM;
				ENABLE_HARDENED_RUNTIME = YES;
				ENABLE_PREVIEWS = YES;
				INFOPLIST_FILE = macOS/Info.plist;
				LD_RUNPATH_SEARCH_PATHS = (
					"$(inherited)",
					"@executable_path/../Frameworks",
				);
				MACOSX_DEPLOYMENT_TARGET = 11.0;
				PRODUCT_BUNDLE_IDENTIFIER = com.parksh.UdemyFancyScoreView;
				PRODUCT_NAME = UdemyFancyScoreView;
				SDKROOT = macosx;
				SWIFT_VERSION = 5.0;
			};
			name = Release;
		};
/* End XCBuildConfiguration section */

/* Begin XCConfigurationList section */
		6122E3A726C5E60400549161 /* Build configuration list for PBXProject "UdemyFancyScoreView" */ = {
			isa = XCConfigurationList;
			buildConfigurations = (
				6122E3C226C5E60600549161 /* Debug */,
				6122E3C326C5E60600549161 /* Release */,
			);
			defaultConfigurationIsVisible = 0;
			defaultConfigurationName = Release;
		};
		6122E3C426C5E60600549161 /* Build configuration list for PBXNativeTarget "UdemyFancyScoreView (iOS)" */ = {
			isa = XCConfigurationList;
			buildConfigurations = (
				6122E3C526C5E60600549161 /* Debug */,
				6122E3C626C5E60600549161 /* Release */,
			);
			defaultConfigurationIsVisible = 0;
			defaultConfigurationName = Release;
		};
		6122E3C726C5E60600549161 /* Build configuration list for PBXNativeTarget "UdemyFancyScoreView (macOS)" */ = {
			isa = XCConfigurationList;
			buildConfigurations = (
				6122E3C826C5E60600549161 /* Debug */,
				6122E3C926C5E60600549161 /* Release */,
			);
			defaultConfigurationIsVisible = 0;
			defaultConfigurationName = Release;
		};
/* End XCConfigurationList section */
	};
	rootObject = 6122E3A426C5E60400549161 /* Project object */;
}
