// !$*UTF8*$!
{
	archiveVersion = 1;
	classes = {
	};
	objectVersion = 55;
	objects = {

/* Begin PBXBuildFile section */
		6132D9AA2770C8A000C0B9E3 /* SwiftUIBasicBootcamp.xcdatamodeld in Sources */ = {isa = PBXBuildFile; fileRef = 6132D9972770C89E00C0B9E3 /* SwiftUIBasicBootcamp.xcdatamodeld */; };
		6132D9AB2770C8A000C0B9E3 /* SwiftUIBasicBootcamp.xcdatamodeld in Sources */ = {isa = PBXBuildFile; fileRef = 6132D9972770C89E00C0B9E3 /* SwiftUIBasicBootcamp.xcdatamodeld */; };
		6132D9AC2770C8A000C0B9E3 /* SwiftUIBasicBootcampApp.swift in Sources */ = {isa = PBXBuildFile; fileRef = 6132D9992770C89E00C0B9E3 /* SwiftUIBasicBootcampApp.swift */; };
		6132D9AD2770C8A000C0B9E3 /* SwiftUIBasicBootcampApp.swift in Sources */ = {isa = PBXBuildFile; fileRef = 6132D9992770C89E00C0B9E3 /* SwiftUIBasicBootcampApp.swift */; };
		6132D9AE2770C8A000C0B9E3 /* ContentVIew.swift in Sources */ = {isa = PBXBuildFile; fileRef = 6132D99A2770C89E00C0B9E3 /* ContentVIew.swift */; };
		6132D9AF2770C8A000C0B9E3 /* ContentVIew.swift in Sources */ = {isa = PBXBuildFile; fileRef = 6132D99A2770C89E00C0B9E3 /* ContentVIew.swift */; };
		6132D9B02770C8A000C0B9E3 /* Persistence.swift in Sources */ = {isa = PBXBuildFile; fileRef = 6132D99B2770C89E00C0B9E3 /* Persistence.swift */; };
		6132D9B12770C8A000C0B9E3 /* Persistence.swift in Sources */ = {isa = PBXBuildFile; fileRef = 6132D99B2770C89E00C0B9E3 /* Persistence.swift */; };
		6132D9B22770C8A000C0B9E3 /* Assets.xcassets in Resources */ = {isa = PBXBuildFile; fileRef = 6132D99C2770C89F00C0B9E3 /* Assets.xcassets */; };
		6132D9B32770C8A000C0B9E3 /* Assets.xcassets in Resources */ = {isa = PBXBuildFile; fileRef = 6132D99C2770C89F00C0B9E3 /* Assets.xcassets */; };
		6132D9C02770CA7A00C0B9E3 /* AsyncImageBootcamp.swift in Sources */ = {isa = PBXBuildFile; fileRef = 6132D9BF2770CA7A00C0B9E3 /* AsyncImageBootcamp.swift */; };
		6132D9C12770CA7A00C0B9E3 /* AsyncImageBootcamp.swift in Sources */ = {isa = PBXBuildFile; fileRef = 6132D9BF2770CA7A00C0B9E3 /* AsyncImageBootcamp.swift */; };
		6132D9C32770D00500C0B9E3 /* BackgorundMaterialsBootcamp.swift in Sources */ = {isa = PBXBuildFile; fileRef = 6132D9C22770D00500C0B9E3 /* BackgorundMaterialsBootcamp.swift */; };
		6132D9C42770D00500C0B9E3 /* BackgorundMaterialsBootcamp.swift in Sources */ = {isa = PBXBuildFile; fileRef = 6132D9C22770D00500C0B9E3 /* BackgorundMaterialsBootcamp.swift */; };
		6132D9C62770D73F00C0B9E3 /* TextSelectionBootcamp.swift in Sources */ = {isa = PBXBuildFile; fileRef = 6132D9C52770D73F00C0B9E3 /* TextSelectionBootcamp.swift */; };
		6132D9C72770D73F00C0B9E3 /* TextSelectionBootcamp.swift in Sources */ = {isa = PBXBuildFile; fileRef = 6132D9C52770D73F00C0B9E3 /* TextSelectionBootcamp.swift */; };
		6132D9C92770D87600C0B9E3 /* ButtonStyleBootcamp.swift in Sources */ = {isa = PBXBuildFile; fileRef = 6132D9C82770D87600C0B9E3 /* ButtonStyleBootcamp.swift */; };
		6132D9CA2770D87600C0B9E3 /* ButtonStyleBootcamp.swift in Sources */ = {isa = PBXBuildFile; fileRef = 6132D9C82770D87600C0B9E3 /* ButtonStyleBootcamp.swift */; };
		6132D9CC2770DBB900C0B9E3 /* ListSwipeActionsBootcamp.swift in Sources */ = {isa = PBXBuildFile; fileRef = 6132D9CB2770DBB900C0B9E3 /* ListSwipeActionsBootcamp.swift */; };
		6132D9CD2770DBB900C0B9E3 /* ListSwipeActionsBootcamp.swift in Sources */ = {isa = PBXBuildFile; fileRef = 6132D9CB2770DBB900C0B9E3 /* ListSwipeActionsBootcamp.swift */; };
		6132D9CF2770E27900C0B9E3 /* BadgesBootcamp.swift in Sources */ = {isa = PBXBuildFile; fileRef = 6132D9CE2770E27900C0B9E3 /* BadgesBootcamp.swift */; };
		6132D9D02770E27900C0B9E3 /* BadgesBootcamp.swift in Sources */ = {isa = PBXBuildFile; fileRef = 6132D9CE2770E27900C0B9E3 /* BadgesBootcamp.swift */; };
		616CAEC627721411002C755D /* FocusStateBootcamp.swift in Sources */ = {isa = PBXBuildFile; fileRef = 616CAEC527721411002C755D /* FocusStateBootcamp.swift */; };
		616CAEC727721411002C755D /* FocusStateBootcamp.swift in Sources */ = {isa = PBXBuildFile; fileRef = 616CAEC527721411002C755D /* FocusStateBootcamp.swift */; };
/* End PBXBuildFile section */

/* Begin PBXFileReference section */
		6132D9982770C89E00C0B9E3 /* Shared.xcdatamodel */ = {isa = PBXFileReference; lastKnownFileType = wrapper.xcdatamodel; path = Shared.xcdatamodel; sourceTree = "<group>"; };
		6132D9992770C89E00C0B9E3 /* SwiftUIBasicBootcampApp.swift */ = {isa = PBXFileReference; lastKnownFileType = sourcecode.swift; path = SwiftUIBasicBootcampApp.swift; sourceTree = "<group>"; };
		6132D99A2770C89E00C0B9E3 /* ContentVIew.swift */ = {isa = PBXFileReference; lastKnownFileType = sourcecode.swift; path = ContentVIew.swift; sourceTree = "<group>"; };
		6132D99B2770C89E00C0B9E3 /* Persistence.swift */ = {isa = PBXFileReference; lastKnownFileType = sourcecode.swift; path = Persistence.swift; sourceTree = "<group>"; };
		6132D99C2770C89F00C0B9E3 /* Assets.xcassets */ = {isa = PBXFileReference; lastKnownFileType = folder.assetcatalog; path = Assets.xcassets; sourceTree = "<group>"; };
		6132D9A12770C8A000C0B9E3 /* SwiftUIBasicBootcamp.app */ = {isa = PBXFileReference; explicitFileType = wrapper.application; includeInIndex = 0; path = SwiftUIBasicBootcamp.app; sourceTree = BUILT_PRODUCTS_DIR; };
		6132D9A72770C8A000C0B9E3 /* SwiftUIBasicBootcamp.app */ = {isa = PBXFileReference; explicitFileType = wrapper.application; includeInIndex = 0; path = SwiftUIBasicBootcamp.app; sourceTree = BUILT_PRODUCTS_DIR; };
		6132D9A92770C8A000C0B9E3 /* macOS.entitlements */ = {isa = PBXFileReference; lastKnownFileType = text.plist.entitlements; path = macOS.entitlements; sourceTree = "<group>"; };
		6132D9BF2770CA7A00C0B9E3 /* AsyncImageBootcamp.swift */ = {isa = PBXFileReference; lastKnownFileType = sourcecode.swift; path = AsyncImageBootcamp.swift; sourceTree = "<group>"; };
		6132D9C22770D00500C0B9E3 /* BackgorundMaterialsBootcamp.swift */ = {isa = PBXFileReference; lastKnownFileType = sourcecode.swift; path = BackgorundMaterialsBootcamp.swift; sourceTree = "<group>"; };
		6132D9C52770D73F00C0B9E3 /* TextSelectionBootcamp.swift */ = {isa = PBXFileReference; lastKnownFileType = sourcecode.swift; path = TextSelectionBootcamp.swift; sourceTree = "<group>"; };
		6132D9C82770D87600C0B9E3 /* ButtonStyleBootcamp.swift */ = {isa = PBXFileReference; lastKnownFileType = sourcecode.swift; path = ButtonStyleBootcamp.swift; sourceTree = "<group>"; };
		6132D9CB2770DBB900C0B9E3 /* ListSwipeActionsBootcamp.swift */ = {isa = PBXFileReference; lastKnownFileType = sourcecode.swift; path = ListSwipeActionsBootcamp.swift; sourceTree = "<group>"; };
		6132D9CE2770E27900C0B9E3 /* BadgesBootcamp.swift */ = {isa = PBXFileReference; lastKnownFileType = sourcecode.swift; path = BadgesBootcamp.swift; sourceTree = "<group>"; };
		616CAEC527721411002C755D /* FocusStateBootcamp.swift */ = {isa = PBXFileReference; lastKnownFileType = sourcecode.swift; path = FocusStateBootcamp.swift; sourceTree = "<group>"; };
/* End PBXFileReference section */

/* Begin PBXFrameworksBuildPhase section */
		6132D99E2770C8A000C0B9E3 /* Frameworks */ = {
			isa = PBXFrameworksBuildPhase;
			buildActionMask = 2147483647;
			files = (
			);
			runOnlyForDeploymentPostprocessing = 0;
		};
		6132D9A42770C8A000C0B9E3 /* Frameworks */ = {
			isa = PBXFrameworksBuildPhase;
			buildActionMask = 2147483647;
			files = (
			);
			runOnlyForDeploymentPostprocessing = 0;
		};
/* End PBXFrameworksBuildPhase section */

/* Begin PBXGroup section */
		6132D9912770C89E00C0B9E3 = {
			isa = PBXGroup;
			children = (
				6132D9962770C89E00C0B9E3 /* Shared */,
				6132D9A82770C8A000C0B9E3 /* macOS */,
				6132D9A22770C8A000C0B9E3 /* Products */,
			);
			sourceTree = "<group>";
		};
		6132D9962770C89E00C0B9E3 /* Shared */ = {
			isa = PBXGroup;
			children = (
				6132D9992770C89E00C0B9E3 /* SwiftUIBasicBootcampApp.swift */,
				6132D9C22770D00500C0B9E3 /* BackgorundMaterialsBootcamp.swift */,
				6132D9BF2770CA7A00C0B9E3 /* AsyncImageBootcamp.swift */,
				6132D99A2770C89E00C0B9E3 /* ContentVIew.swift */,
				6132D99B2770C89E00C0B9E3 /* Persistence.swift */,
				6132D99C2770C89F00C0B9E3 /* Assets.xcassets */,
				6132D9972770C89E00C0B9E3 /* SwiftUIBasicBootcamp.xcdatamodeld */,
				6132D9C52770D73F00C0B9E3 /* TextSelectionBootcamp.swift */,
				6132D9C82770D87600C0B9E3 /* ButtonStyleBootcamp.swift */,
				6132D9CB2770DBB900C0B9E3 /* ListSwipeActionsBootcamp.swift */,
				616CAEC527721411002C755D /* FocusStateBootcamp.swift */,
				6132D9CE2770E27900C0B9E3 /* BadgesBootcamp.swift */,
			);
			path = Shared;
			sourceTree = "<group>";
		};
		6132D9A22770C8A000C0B9E3 /* Products */ = {
			isa = PBXGroup;
			children = (
				6132D9A12770C8A000C0B9E3 /* SwiftUIBasicBootcamp.app */,
				6132D9A72770C8A000C0B9E3 /* SwiftUIBasicBootcamp.app */,
			);
			name = Products;
			sourceTree = "<group>";
		};
		6132D9A82770C8A000C0B9E3 /* macOS */ = {
			isa = PBXGroup;
			children = (
				6132D9A92770C8A000C0B9E3 /* macOS.entitlements */,
			);
			path = macOS;
			sourceTree = "<group>";
		};
/* End PBXGroup section */

/* Begin PBXNativeTarget section */
		6132D9A02770C8A000C0B9E3 /* SwiftUIBasicBootcamp (iOS) */ = {
			isa = PBXNativeTarget;
			buildConfigurationList = 6132D9B62770C8A000C0B9E3 /* Build configuration list for PBXNativeTarget "SwiftUIBasicBootcamp (iOS)" */;
			buildPhases = (
				6132D99D2770C8A000C0B9E3 /* Sources */,
				6132D99E2770C8A000C0B9E3 /* Frameworks */,
				6132D99F2770C8A000C0B9E3 /* Resources */,
			);
			buildRules = (
			);
			dependencies = (
			);
			name = "SwiftUIBasicBootcamp (iOS)";
			productName = "SwiftUIBasicBootcamp (iOS)";
			productReference = 6132D9A12770C8A000C0B9E3 /* SwiftUIBasicBootcamp.app */;
			productType = "com.apple.product-type.application";
		};
		6132D9A62770C8A000C0B9E3 /* SwiftUIBasicBootcamp (macOS) */ = {
			isa = PBXNativeTarget;
			buildConfigurationList = 6132D9B92770C8A000C0B9E3 /* Build configuration list for PBXNativeTarget "SwiftUIBasicBootcamp (macOS)" */;
			buildPhases = (
				6132D9A32770C8A000C0B9E3 /* Sources */,
				6132D9A42770C8A000C0B9E3 /* Frameworks */,
				6132D9A52770C8A000C0B9E3 /* Resources */,
			);
			buildRules = (
			);
			dependencies = (
			);
			name = "SwiftUIBasicBootcamp (macOS)";
			productName = "SwiftUIBasicBootcamp (macOS)";
			productReference = 6132D9A72770C8A000C0B9E3 /* SwiftUIBasicBootcamp.app */;
			productType = "com.apple.product-type.application";
		};
/* End PBXNativeTarget section */

/* Begin PBXProject section */
		6132D9922770C89E00C0B9E3 /* Project object */ = {
			isa = PBXProject;
			attributes = {
				BuildIndependentTargetsInParallel = 1;
				LastSwiftUpdateCheck = 1310;
				LastUpgradeCheck = 1310;
				TargetAttributes = {
					6132D9A02770C8A000C0B9E3 = {
						CreatedOnToolsVersion = 13.1;
					};
					6132D9A62770C8A000C0B9E3 = {
						CreatedOnToolsVersion = 13.1;
					};
				};
			};
			buildConfigurationList = 6132D9952770C89E00C0B9E3 /* Build configuration list for PBXProject "SwiftUIBasicBootcamp" */;
			compatibilityVersion = "Xcode 13.0";
			developmentRegion = en;
			hasScannedForEncodings = 0;
			knownRegions = (
				en,
				Base,
			);
			mainGroup = 6132D9912770C89E00C0B9E3;
			productRefGroup = 6132D9A22770C8A000C0B9E3 /* Products */;
			projectDirPath = "";
			projectRoot = "";
			targets = (
				6132D9A02770C8A000C0B9E3 /* SwiftUIBasicBootcamp (iOS) */,
				6132D9A62770C8A000C0B9E3 /* SwiftUIBasicBootcamp (macOS) */,
			);
		};
/* End PBXProject section */

/* Begin PBXResourcesBuildPhase section */
		6132D99F2770C8A000C0B9E3 /* Resources */ = {
			isa = PBXResourcesBuildPhase;
			buildActionMask = 2147483647;
			files = (
				6132D9B22770C8A000C0B9E3 /* Assets.xcassets in Resources */,
			);
			runOnlyForDeploymentPostprocessing = 0;
		};
		6132D9A52770C8A000C0B9E3 /* Resources */ = {
			isa = PBXResourcesBuildPhase;
			buildActionMask = 2147483647;
			files = (
				6132D9B32770C8A000C0B9E3 /* Assets.xcassets in Resources */,
			);
			runOnlyForDeploymentPostprocessing = 0;
		};
/* End PBXResourcesBuildPhase section */

/* Begin PBXSourcesBuildPhase section */
		6132D99D2770C8A000C0B9E3 /* Sources */ = {
			isa = PBXSourcesBuildPhase;
			buildActionMask = 2147483647;
			files = (
				6132D9CF2770E27900C0B9E3 /* BadgesBootcamp.swift in Sources */,
				6132D9C62770D73F00C0B9E3 /* TextSelectionBootcamp.swift in Sources */,
				6132D9C02770CA7A00C0B9E3 /* AsyncImageBootcamp.swift in Sources */,
				6132D9AA2770C8A000C0B9E3 /* SwiftUIBasicBootcamp.xcdatamodeld in Sources */,
				6132D9B02770C8A000C0B9E3 /* Persistence.swift in Sources */,
				616CAEC627721411002C755D /* FocusStateBootcamp.swift in Sources */,
				6132D9C32770D00500C0B9E3 /* BackgorundMaterialsBootcamp.swift in Sources */,
				6132D9AC2770C8A000C0B9E3 /* SwiftUIBasicBootcampApp.swift in Sources */,
				6132D9C92770D87600C0B9E3 /* ButtonStyleBootcamp.swift in Sources */,
				6132D9AE2770C8A000C0B9E3 /* ContentVIew.swift in Sources */,
				6132D9CC2770DBB900C0B9E3 /* ListSwipeActionsBootcamp.swift in Sources */,
			);
			runOnlyForDeploymentPostprocessing = 0;
		};
		6132D9A32770C8A000C0B9E3 /* Sources */ = {
			isa = PBXSourcesBuildPhase;
			buildActionMask = 2147483647;
			files = (
				6132D9D02770E27900C0B9E3 /* BadgesBootcamp.swift in Sources */,
				6132D9C72770D73F00C0B9E3 /* TextSelectionBootcamp.swift in Sources */,
				6132D9C12770CA7A00C0B9E3 /* AsyncImageBootcamp.swift in Sources */,
				6132D9AB2770C8A000C0B9E3 /* SwiftUIBasicBootcamp.xcdatamodeld in Sources */,
				6132D9B12770C8A000C0B9E3 /* Persistence.swift in Sources */,
				616CAEC727721411002C755D /* FocusStateBootcamp.swift in Sources */,
				6132D9C42770D00500C0B9E3 /* BackgorundMaterialsBootcamp.swift in Sources */,
				6132D9AD2770C8A000C0B9E3 /* SwiftUIBasicBootcampApp.swift in Sources */,
				6132D9CA2770D87600C0B9E3 /* ButtonStyleBootcamp.swift in Sources */,
				6132D9AF2770C8A000C0B9E3 /* ContentVIew.swift in Sources */,
				6132D9CD2770DBB900C0B9E3 /* ListSwipeActionsBootcamp.swift in Sources */,
			);
			runOnlyForDeploymentPostprocessing = 0;
		};
/* End PBXSourcesBuildPhase section */

/* Begin XCBuildConfiguration section */
		6132D9B42770C8A000C0B9E3 /* Debug */ = {
			isa = XCBuildConfiguration;
			buildSettings = {
				ALWAYS_SEARCH_USER_PATHS = NO;
				CLANG_ANALYZER_NONNULL = YES;
				CLANG_ANALYZER_NUMBER_OBJECT_CONVERSION = YES_AGGRESSIVE;
				CLANG_CXX_LANGUAGE_STANDARD = "gnu++17";
				CLANG_CXX_LIBRARY = "libc++";
				CLANG_ENABLE_MODULES = YES;
				CLANG_ENABLE_OBJC_ARC = YES;
				CLANG_ENABLE_OBJC_WEAK = YES;
				CLANG_WARN_BLOCK_CAPTURE_AUTORELEASING = YES;
				CLANG_WARN_BOOL_CONVERSION = YES;
				CLANG_WARN_COMMA = YES;
				CLANG_WARN_CONSTANT_CONVERSION = YES;
				CLANG_WARN_DEPRECATED_OBJC_IMPLEMENTATIONS = YES;
				CLANG_WARN_DIRECT_OBJC_ISA_USAGE = YES_ERROR;
				CLANG_WARN_DOCUMENTATION_COMMENTS = YES;
				CLANG_WARN_EMPTY_BODY = YES;
				CLANG_WARN_ENUM_CONVERSION = YES;
				CLANG_WARN_INFINITE_RECURSION = YES;
				CLANG_WARN_INT_CONVERSION = YES;
				CLANG_WARN_NON_LITERAL_NULL_CONVERSION = YES;
				CLANG_WARN_OBJC_IMPLICIT_RETAIN_SELF = YES;
				CLANG_WARN_OBJC_LITERAL_CONVERSION = YES;
				CLANG_WARN_OBJC_ROOT_CLASS = YES_ERROR;
				CLANG_WARN_QUOTED_INCLUDE_IN_FRAMEWORK_HEADER = YES;
				CLANG_WARN_RANGE_LOOP_ANALYSIS = YES;
				CLANG_WARN_STRICT_PROTOTYPES = YES;
				CLANG_WARN_SUSPICIOUS_MOVE = YES;
				CLANG_WARN_UNGUARDED_AVAILABILITY = YES_AGGRESSIVE;
				CLANG_WARN_UNREACHABLE_CODE = YES;
				CLANG_WARN__DUPLICATE_METHOD_MATCH = YES;
				COPY_PHASE_STRIP = NO;
				DEBUG_INFORMATION_FORMAT = dwarf;
				ENABLE_STRICT_OBJC_MSGSEND = YES;
				ENABLE_TESTABILITY = YES;
				GCC_C_LANGUAGE_STANDARD = gnu11;
				GCC_DYNAMIC_NO_PIC = NO;
				GCC_NO_COMMON_BLOCKS = YES;
				GCC_OPTIMIZATION_LEVEL = 0;
				GCC_PREPROCESSOR_DEFINITIONS = (
					"DEBUG=1",
					"$(inherited)",
				);
				GCC_WARN_64_TO_32_BIT_CONVERSION = YES;
				GCC_WARN_ABOUT_RETURN_TYPE = YES_ERROR;
				GCC_WARN_UNDECLARED_SELECTOR = YES;
				GCC_WARN_UNINITIALIZED_AUTOS = YES_AGGRESSIVE;
				GCC_WARN_UNUSED_FUNCTION = YES;
				GCC_WARN_UNUSED_VARIABLE = YES;
				MTL_ENABLE_DEBUG_INFO = INCLUDE_SOURCE;
				MTL_FAST_MATH = YES;
				ONLY_ACTIVE_ARCH = YES;
				SWIFT_ACTIVE_COMPILATION_CONDITIONS = DEBUG;
				SWIFT_OPTIMIZATION_LEVEL = "-Onone";
			};
			name = Debug;
		};
		6132D9B52770C8A000C0B9E3 /* Release */ = {
			isa = XCBuildConfiguration;
			buildSettings = {
				ALWAYS_SEARCH_USER_PATHS = NO;
				CLANG_ANALYZER_NONNULL = YES;
				CLANG_ANALYZER_NUMBER_OBJECT_CONVERSION = YES_AGGRESSIVE;
				CLANG_CXX_LANGUAGE_STANDARD = "gnu++17";
				CLANG_CXX_LIBRARY = "libc++";
				CLANG_ENABLE_MODULES = YES;
				CLANG_ENABLE_OBJC_ARC = YES;
				CLANG_ENABLE_OBJC_WEAK = YES;
				CLANG_WARN_BLOCK_CAPTURE_AUTORELEASING = YES;
				CLANG_WARN_BOOL_CONVERSION = YES;
				CLANG_WARN_COMMA = YES;
				CLANG_WARN_CONSTANT_CONVERSION = YES;
				CLANG_WARN_DEPRECATED_OBJC_IMPLEMENTATIONS = YES;
				CLANG_WARN_DIRECT_OBJC_ISA_USAGE = YES_ERROR;
				CLANG_WARN_DOCUMENTATION_COMMENTS = YES;
				CLANG_WARN_EMPTY_BODY = YES;
				CLANG_WARN_ENUM_CONVERSION = YES;
				CLANG_WARN_INFINITE_RECURSION = YES;
				CLANG_WARN_INT_CONVERSION = YES;
				CLANG_WARN_NON_LITERAL_NULL_CONVERSION = YES;
				CLANG_WARN_OBJC_IMPLICIT_RETAIN_SELF = YES;
				CLANG_WARN_OBJC_LITERAL_CONVERSION = YES;
				CLANG_WARN_OBJC_ROOT_CLASS = YES_ERROR;
				CLANG_WARN_QUOTED_INCLUDE_IN_FRAMEWORK_HEADER = YES;
				CLANG_WARN_RANGE_LOOP_ANALYSIS = YES;
				CLANG_WARN_STRICT_PROTOTYPES = YES;
				CLANG_WARN_SUSPICIOUS_MOVE = YES;
				CLANG_WARN_UNGUARDED_AVAILABILITY = YES_AGGRESSIVE;
				CLANG_WARN_UNREACHABLE_CODE = YES;
				CLANG_WARN__DUPLICATE_METHOD_MATCH = YES;
				COPY_PHASE_STRIP = NO;
				DEBUG_INFORMATION_FORMAT = "dwarf-with-dsym";
				ENABLE_NS_ASSERTIONS = NO;
				ENABLE_STRICT_OBJC_MSGSEND = YES;
				GCC_C_LANGUAGE_STANDARD = gnu11;
				GCC_NO_COMMON_BLOCKS = YES;
				GCC_WARN_64_TO_32_BIT_CONVERSION = YES;
				GCC_WARN_ABOUT_RETURN_TYPE = YES_ERROR;
				GCC_WARN_UNDECLARED_SELECTOR = YES;
				GCC_WARN_UNINITIALIZED_AUTOS = YES_AGGRESSIVE;
				GCC_WARN_UNUSED_FUNCTION = YES;
				GCC_WARN_UNUSED_VARIABLE = YES;
				MTL_ENABLE_DEBUG_INFO = NO;
				MTL_FAST_MATH = YES;
				SWIFT_COMPILATION_MODE = wholemodule;
				SWIFT_OPTIMIZATION_LEVEL = "-O";
			};
			name = Release;
		};
		6132D9B72770C8A000C0B9E3 /* Debug */ = {
			isa = XCBuildConfiguration;
			buildSettings = {
				ASSETCATALOG_COMPILER_APPICON_NAME = AppIcon;
				ASSETCATALOG_COMPILER_GLOBAL_ACCENT_COLOR_NAME = AccentColor;
				CODE_SIGN_STYLE = Automatic;
				CURRENT_PROJECT_VERSION = 1;
				DEVELOPMENT_TEAM = 4WB58YL6KM;
				ENABLE_PREVIEWS = YES;
				GENERATE_INFOPLIST_FILE = YES;
				INFOPLIST_KEY_UIApplicationSceneManifest_Generation = YES;
				INFOPLIST_KEY_UIApplicationSupportsIndirectInputEvents = YES;
				INFOPLIST_KEY_UILaunchScreen_Generation = YES;
				INFOPLIST_KEY_UISupportedInterfaceOrientations_iPad = "UIInterfaceOrientationPortrait UIInterfaceOrientationPortraitUpsideDown UIInterfaceOrientationLandscapeLeft UIInterfaceOrientationLandscapeRight";
				INFOPLIST_KEY_UISupportedInterfaceOrientations_iPhone = "UIInterfaceOrientationPortrait UIInterfaceOrientationLandscapeLeft UIInterfaceOrientationLandscapeRight";
				IPHONEOS_DEPLOYMENT_TARGET = 15.0;
				LD_RUNPATH_SEARCH_PATHS = (
					"$(inherited)",
					"@executable_path/Frameworks",
				);
				MARKETING_VERSION = 1.0;
				PRODUCT_BUNDLE_IDENTIFIER = com.parksh.SwiftUIBasicBootcamp;
				PRODUCT_NAME = SwiftUIBasicBootcamp;
				SDKROOT = iphoneos;
				SWIFT_EMIT_LOC_STRINGS = YES;
				SWIFT_VERSION = 5.0;
				TARGETED_DEVICE_FAMILY = "1,2";
			};
			name = Debug;
		};
		6132D9B82770C8A000C0B9E3 /* Release */ = {
			isa = XCBuildConfiguration;
			buildSettings = {
				ASSETCATALOG_COMPILER_APPICON_NAME = AppIcon;
				ASSETCATALOG_COMPILER_GLOBAL_ACCENT_COLOR_NAME = AccentColor;
				CODE_SIGN_STYLE = Automatic;
				CURRENT_PROJECT_VERSION = 1;
				DEVELOPMENT_TEAM = 4WB58YL6KM;
				ENABLE_PREVIEWS = YES;
				GENERATE_INFOPLIST_FILE = YES;
				INFOPLIST_KEY_UIApplicationSceneManifest_Generation = YES;
				INFOPLIST_KEY_UIApplicationSupportsIndirectInputEvents = YES;
				INFOPLIST_KEY_UILaunchScreen_Generation = YES;
				INFOPLIST_KEY_UISupportedInterfaceOrientations_iPad = "UIInterfaceOrientationPortrait UIInterfaceOrientationPortraitUpsideDown UIInterfaceOrientationLandscapeLeft UIInterfaceOrientationLandscapeRight";
				INFOPLIST_KEY_UISupportedInterfaceOrientations_iPhone = "UIInterfaceOrientationPortrait UIInterfaceOrientationLandscapeLeft UIInterfaceOrientationLandscapeRight";
				IPHONEOS_DEPLOYMENT_TARGET = 15.0;
				LD_RUNPATH_SEARCH_PATHS = (
					"$(inherited)",
					"@executable_path/Frameworks",
				);
				MARKETING_VERSION = 1.0;
				PRODUCT_BUNDLE_IDENTIFIER = com.parksh.SwiftUIBasicBootcamp;
				PRODUCT_NAME = SwiftUIBasicBootcamp;
				SDKROOT = iphoneos;
				SWIFT_EMIT_LOC_STRINGS = YES;
				SWIFT_VERSION = 5.0;
				TARGETED_DEVICE_FAMILY = "1,2";
				VALIDATE_PRODUCT = YES;
			};
			name = Release;
		};
		6132D9BA2770C8A000C0B9E3 /* Debug */ = {
			isa = XCBuildConfiguration;
			buildSettings = {
				ASSETCATALOG_COMPILER_APPICON_NAME = AppIcon;
				ASSETCATALOG_COMPILER_GLOBAL_ACCENT_COLOR_NAME = AccentColor;
				CODE_SIGN_ENTITLEMENTS = macOS/macOS.entitlements;
				CODE_SIGN_STYLE = Automatic;
				COMBINE_HIDPI_IMAGES = YES;
				CURRENT_PROJECT_VERSION = 1;
				DEVELOPMENT_TEAM = 4WB58YL6KM;
				ENABLE_HARDENED_RUNTIME = YES;
				ENABLE_PREVIEWS = YES;
				GENERATE_INFOPLIST_FILE = YES;
				INFOPLIST_KEY_NSHumanReadableCopyright = "";
				LD_RUNPATH_SEARCH_PATHS = (
					"$(inherited)",
					"@executable_path/../Frameworks",
				);
				MACOSX_DEPLOYMENT_TARGET = 11.4;
				MARKETING_VERSION = 1.0;
				PRODUCT_BUNDLE_IDENTIFIER = com.parksh.SwiftUIBasicBootcamp;
				PRODUCT_NAME = SwiftUIBasicBootcamp;
				SDKROOT = macosx;
				SWIFT_EMIT_LOC_STRINGS = YES;
				SWIFT_VERSION = 5.0;
			};
			name = Debug;
		};
		6132D9BB2770C8A000C0B9E3 /* Release */ = {
			isa = XCBuildConfiguration;
			buildSettings = {
				ASSETCATALOG_COMPILER_APPICON_NAME = AppIcon;
				ASSETCATALOG_COMPILER_GLOBAL_ACCENT_COLOR_NAME = AccentColor;
				CODE_SIGN_ENTITLEMENTS = macOS/macOS.entitlements;
				CODE_SIGN_STYLE = Automatic;
				COMBINE_HIDPI_IMAGES = YES;
				CURRENT_PROJECT_VERSION = 1;
				DEVELOPMENT_TEAM = 4WB58YL6KM;
				ENABLE_HARDENED_RUNTIME = YES;
				ENABLE_PREVIEWS = YES;
				GENERATE_INFOPLIST_FILE = YES;
				INFOPLIST_KEY_NSHumanReadableCopyright = "";
				LD_RUNPATH_SEARCH_PATHS = (
					"$(inherited)",
					"@executable_path/../Frameworks",
				);
				MACOSX_DEPLOYMENT_TARGET = 11.4;
				MARKETING_VERSION = 1.0;
				PRODUCT_BUNDLE_IDENTIFIER = com.parksh.SwiftUIBasicBootcamp;
				PRODUCT_NAME = SwiftUIBasicBootcamp;
				SDKROOT = macosx;
				SWIFT_EMIT_LOC_STRINGS = YES;
				SWIFT_VERSION = 5.0;
			};
			name = Release;
		};
/* End XCBuildConfiguration section */

/* Begin XCConfigurationList section */
		6132D9952770C89E00C0B9E3 /* Build configuration list for PBXProject "SwiftUIBasicBootcamp" */ = {
			isa = XCConfigurationList;
			buildConfigurations = (
				6132D9B42770C8A000C0B9E3 /* Debug */,
				6132D9B52770C8A000C0B9E3 /* Release */,
			);
			defaultConfigurationIsVisible = 0;
			defaultConfigurationName = Release;
		};
		6132D9B62770C8A000C0B9E3 /* Build configuration list for PBXNativeTarget "SwiftUIBasicBootcamp (iOS)" */ = {
			isa = XCConfigurationList;
			buildConfigurations = (
				6132D9B72770C8A000C0B9E3 /* Debug */,
				6132D9B82770C8A000C0B9E3 /* Release */,
			);
			defaultConfigurationIsVisible = 0;
			defaultConfigurationName = Release;
		};
		6132D9B92770C8A000C0B9E3 /* Build configuration list for PBXNativeTarget "SwiftUIBasicBootcamp (macOS)" */ = {
			isa = XCConfigurationList;
			buildConfigurations = (
				6132D9BA2770C8A000C0B9E3 /* Debug */,
				6132D9BB2770C8A000C0B9E3 /* Release */,
			);
			defaultConfigurationIsVisible = 0;
			defaultConfigurationName = Release;
		};
/* End XCConfigurationList section */

/* Begin XCVersionGroup section */
		6132D9972770C89E00C0B9E3 /* SwiftUIBasicBootcamp.xcdatamodeld */ = {
			isa = XCVersionGroup;
			children = (
				6132D9982770C89E00C0B9E3 /* Shared.xcdatamodel */,
			);
			currentVersion = 6132D9982770C89E00C0B9E3 /* Shared.xcdatamodel */;
			path = SwiftUIBasicBootcamp.xcdatamodeld;
			sourceTree = "<group>";
			versionGroupType = wrapper.xcdatamodel;
		};
/* End XCVersionGroup section */
	};
	rootObject = 6132D9922770C89E00C0B9E3 /* Project object */;
}
