// !$*UTF8*$!
{
	archiveVersion = 1;
	classes = {
	};
	objectVersion = 50;
	objects = {

/* Begin PBXBuildFile section */
		61883D1326C5CDAD00216340 /* UdemyObserableObjectApp.swift in Sources */ = {isa = PBXBuildFile; fileRef = 61883D0026C5CDAA00216340 /* UdemyObserableObjectApp.swift */; };
		61883D1426C5CDAD00216340 /* UdemyObserableObjectApp.swift in Sources */ = {isa = PBXBuildFile; fileRef = 61883D0026C5CDAA00216340 /* UdemyObserableObjectApp.swift */; };
		61883D1526C5CDAD00216340 /* ContentView.swift in Sources */ = {isa = PBXBuildFile; fileRef = 61883D0126C5CDAA00216340 /* ContentView.swift */; };
		61883D1626C5CDAD00216340 /* ContentView.swift in Sources */ = {isa = PBXBuildFile; fileRef = 61883D0126C5CDAA00216340 /* ContentView.swift */; };
		61883D1726C5CDAD00216340 /* Assets.xcassets in Resources */ = {isa = PBXBuildFile; fileRef = 61883D0226C5CDAD00216340 /* Assets.xcassets */; };
		61883D1826C5CDAD00216340 /* Assets.xcassets in Resources */ = {isa = PBXBuildFile; fileRef = 61883D0226C5CDAD00216340 /* Assets.xcassets */; };
		61883D2326C5CE3100216340 /* FancyTimer.swift in Sources */ = {isa = PBXBuildFile; fileRef = 61883D2226C5CE3100216340 /* FancyTimer.swift */; };
		61883D2426C5CE3100216340 /* FancyTimer.swift in Sources */ = {isa = PBXBuildFile; fileRef = 61883D2226C5CE3100216340 /* FancyTimer.swift */; };
/* End PBXBuildFile section */

/* Begin PBXFileReference section */
		61883D0026C5CDAA00216340 /* UdemyObserableObjectApp.swift */ = {isa = PBXFileReference; lastKnownFileType = sourcecode.swift; path = UdemyObserableObjectApp.swift; sourceTree = "<group>"; };
		61883D0126C5CDAA00216340 /* ContentView.swift */ = {isa = PBXFileReference; lastKnownFileType = sourcecode.swift; path = ContentView.swift; sourceTree = "<group>"; };
		61883D0226C5CDAD00216340 /* Assets.xcassets */ = {isa = PBXFileReference; lastKnownFileType = folder.assetcatalog; path = Assets.xcassets; sourceTree = "<group>"; };
		61883D0726C5CDAD00216340 /* UdemyObserableObject.app */ = {isa = PBXFileReference; explicitFileType = wrapper.application; includeInIndex = 0; path = UdemyObserableObject.app; sourceTree = BUILT_PRODUCTS_DIR; };
		61883D0A26C5CDAD00216340 /* Info.plist */ = {isa = PBXFileReference; lastKnownFileType = text.plist.xml; path = Info.plist; sourceTree = "<group>"; };
		61883D0F26C5CDAD00216340 /* UdemyObserableObject.app */ = {isa = PBXFileReference; explicitFileType = wrapper.application; includeInIndex = 0; path = UdemyObserableObject.app; sourceTree = BUILT_PRODUCTS_DIR; };
		61883D1126C5CDAD00216340 /* Info.plist */ = {isa = PBXFileReference; lastKnownFileType = text.plist.xml; path = Info.plist; sourceTree = "<group>"; };
		61883D1226C5CDAD00216340 /* macOS.entitlements */ = {isa = PBXFileReference; lastKnownFileType = text.plist.entitlements; path = macOS.entitlements; sourceTree = "<group>"; };
		61883D2226C5CE3100216340 /* FancyTimer.swift */ = {isa = PBXFileReference; lastKnownFileType = sourcecode.swift; path = FancyTimer.swift; sourceTree = "<group>"; };
/* End PBXFileReference section */

/* Begin PBXFrameworksBuildPhase section */
		61883D0426C5CDAD00216340 /* Frameworks */ = {
			isa = PBXFrameworksBuildPhase;
			buildActionMask = 2147483647;
			files = (
			);
			runOnlyForDeploymentPostprocessing = 0;
		};
		61883D0C26C5CDAD00216340 /* Frameworks */ = {
			isa = PBXFrameworksBuildPhase;
			buildActionMask = 2147483647;
			files = (
			);
			runOnlyForDeploymentPostprocessing = 0;
		};
/* End PBXFrameworksBuildPhase section */

/* Begin PBXGroup section */
		61883CFA26C5CDAA00216340 = {
			isa = PBXGroup;
			children = (
				61883CFF26C5CDAA00216340 /* Shared */,
				61883D0926C5CDAD00216340 /* iOS */,
				61883D1026C5CDAD00216340 /* macOS */,
				61883D0826C5CDAD00216340 /* Products */,
			);
			sourceTree = "<group>";
		};
		61883CFF26C5CDAA00216340 /* Shared */ = {
			isa = PBXGroup;
			children = (
				61883D2126C5CDBE00216340 /* Model */,
				61883D0026C5CDAA00216340 /* UdemyObserableObjectApp.swift */,
				61883D0126C5CDAA00216340 /* ContentView.swift */,
				61883D2226C5CE3100216340 /* FancyTimer.swift */,
				61883D0226C5CDAD00216340 /* Assets.xcassets */,
			);
			path = Shared;
			sourceTree = "<group>";
		};
		61883D0826C5CDAD00216340 /* Products */ = {
			isa = PBXGroup;
			children = (
				61883D0726C5CDAD00216340 /* UdemyObserableObject.app */,
				61883D0F26C5CDAD00216340 /* UdemyObserableObject.app */,
			);
			name = Products;
			sourceTree = "<group>";
		};
		61883D0926C5CDAD00216340 /* iOS */ = {
			isa = PBXGroup;
			children = (
				61883D0A26C5CDAD00216340 /* Info.plist */,
			);
			path = iOS;
			sourceTree = "<group>";
		};
		61883D1026C5CDAD00216340 /* macOS */ = {
			isa = PBXGroup;
			children = (
				61883D1126C5CDAD00216340 /* Info.plist */,
				61883D1226C5CDAD00216340 /* macOS.entitlements */,
			);
			path = macOS;
			sourceTree = "<group>";
		};
		61883D2126C5CDBE00216340 /* Model */ = {
			isa = PBXGroup;
			children = (
			);
			path = Model;
			sourceTree = "<group>";
		};
/* End PBXGroup section */

/* Begin PBXNativeTarget section */
		61883D0626C5CDAD00216340 /* UdemyObserableObject (iOS) */ = {
			isa = PBXNativeTarget;
			buildConfigurationList = 61883D1B26C5CDAD00216340 /* Build configuration list for PBXNativeTarget "UdemyObserableObject (iOS)" */;
			buildPhases = (
				61883D0326C5CDAD00216340 /* Sources */,
				61883D0426C5CDAD00216340 /* Frameworks */,
				61883D0526C5CDAD00216340 /* Resources */,
			);
			buildRules = (
			);
			dependencies = (
			);
			name = "UdemyObserableObject (iOS)";
			productName = "UdemyObserableObject (iOS)";
			productReference = 61883D0726C5CDAD00216340 /* UdemyObserableObject.app */;
			productType = "com.apple.product-type.application";
		};
		61883D0E26C5CDAD00216340 /* UdemyObserableObject (macOS) */ = {
			isa = PBXNativeTarget;
			buildConfigurationList = 61883D1E26C5CDAD00216340 /* Build configuration list for PBXNativeTarget "UdemyObserableObject (macOS)" */;
			buildPhases = (
				61883D0B26C5CDAD00216340 /* Sources */,
				61883D0C26C5CDAD00216340 /* Frameworks */,
				61883D0D26C5CDAD00216340 /* Resources */,
			);
			buildRules = (
			);
			dependencies = (
			);
			name = "UdemyObserableObject (macOS)";
			productName = "UdemyObserableObject (macOS)";
			productReference = 61883D0F26C5CDAD00216340 /* UdemyObserableObject.app */;
			productType = "com.apple.product-type.application";
		};
/* End PBXNativeTarget section */

/* Begin PBXProject section */
		61883CFB26C5CDAA00216340 /* Project object */ = {
			isa = PBXProject;
			attributes = {
				LastSwiftUpdateCheck = 1250;
				LastUpgradeCheck = 1250;
				TargetAttributes = {
					61883D0626C5CDAD00216340 = {
						CreatedOnToolsVersion = 12.5.1;
					};
					61883D0E26C5CDAD00216340 = {
						CreatedOnToolsVersion = 12.5.1;
					};
				};
			};
			buildConfigurationList = 61883CFE26C5CDAA00216340 /* Build configuration list for PBXProject "UdemyObserableObject" */;
			compatibilityVersion = "Xcode 9.3";
			developmentRegion = en;
			hasScannedForEncodings = 0;
			knownRegions = (
				en,
				Base,
			);
			mainGroup = 61883CFA26C5CDAA00216340;
			productRefGroup = 61883D0826C5CDAD00216340 /* Products */;
			projectDirPath = "";
			projectRoot = "";
			targets = (
				61883D0626C5CDAD00216340 /* UdemyObserableObject (iOS) */,
				61883D0E26C5CDAD00216340 /* UdemyObserableObject (macOS) */,
			);
		};
/* End PBXProject section */

/* Begin PBXResourcesBuildPhase section */
		61883D0526C5CDAD00216340 /* Resources */ = {
			isa = PBXResourcesBuildPhase;
			buildActionMask = 2147483647;
			files = (
				61883D1726C5CDAD00216340 /* Assets.xcassets in Resources */,
			);
			runOnlyForDeploymentPostprocessing = 0;
		};
		61883D0D26C5CDAD00216340 /* Resources */ = {
			isa = PBXResourcesBuildPhase;
			buildActionMask = 2147483647;
			files = (
				61883D1826C5CDAD00216340 /* Assets.xcassets in Resources */,
			);
			runOnlyForDeploymentPostprocessing = 0;
		};
/* End PBXResourcesBuildPhase section */

/* Begin PBXSourcesBuildPhase section */
		61883D0326C5CDAD00216340 /* Sources */ = {
			isa = PBXSourcesBuildPhase;
			buildActionMask = 2147483647;
			files = (
				61883D1526C5CDAD00216340 /* ContentView.swift in Sources */,
				61883D1326C5CDAD00216340 /* UdemyObserableObjectApp.swift in Sources */,
				61883D2326C5CE3100216340 /* FancyTimer.swift in Sources */,
			);
			runOnlyForDeploymentPostprocessing = 0;
		};
		61883D0B26C5CDAD00216340 /* Sources */ = {
			isa = PBXSourcesBuildPhase;
			buildActionMask = 2147483647;
			files = (
				61883D1626C5CDAD00216340 /* ContentView.swift in Sources */,
				61883D1426C5CDAD00216340 /* UdemyObserableObjectApp.swift in Sources */,
				61883D2426C5CE3100216340 /* FancyTimer.swift in Sources */,
			);
			runOnlyForDeploymentPostprocessing = 0;
		};
/* End PBXSourcesBuildPhase section */

/* Begin XCBuildConfiguration section */
		61883D1926C5CDAD00216340 /* Debug */ = {
			isa = XCBuildConfiguration;
			buildSettings = {
				ALWAYS_SEARCH_USER_PATHS = NO;
				CLANG_ANALYZER_NONNULL = YES;
				CLANG_ANALYZER_NUMBER_OBJECT_CONVERSION = YES_AGGRESSIVE;
				CLANG_CXX_LANGUAGE_STANDARD = "gnu++14";
				CLANG_CXX_LIBRARY = "libc++";
				CLANG_ENABLE_MODULES = YES;
				CLANG_ENABLE_OBJC_ARC = YES;
				CLANG_ENABLE_OBJC_WEAK = YES;
				CLANG_WARN_BLOCK_CAPTURE_AUTORELEASING = YES;
				CLANG_WARN_BOOL_CONVERSION = YES;
				CLANG_WARN_COMMA = YES;
				CLANG_WARN_CONSTANT_CONVERSION = YES;
				CLANG_WARN_DEPRECATED_OBJC_IMPLEMENTATIONS = YES;
				CLANG_WARN_DIRECT_OBJC_ISA_USAGE = YES_ERROR;
				CLANG_WARN_DOCUMENTATION_COMMENTS = YES;
				CLANG_WARN_EMPTY_BODY = YES;
				CLANG_WARN_ENUM_CONVERSION = YES;
				CLANG_WARN_INFINITE_RECURSION = YES;
				CLANG_WARN_INT_CONVERSION = YES;
				CLANG_WARN_NON_LITERAL_NULL_CONVERSION = YES;
				CLANG_WARN_OBJC_IMPLICIT_RETAIN_SELF = YES;
				CLANG_WARN_OBJC_LITERAL_CONVERSION = YES;
				CLANG_WARN_OBJC_ROOT_CLASS = YES_ERROR;
				CLANG_WARN_QUOTED_INCLUDE_IN_FRAMEWORK_HEADER = YES;
				CLANG_WARN_RANGE_LOOP_ANALYSIS = YES;
				CLANG_WARN_STRICT_PROTOTYPES = YES;
				CLANG_WARN_SUSPICIOUS_MOVE = YES;
				CLANG_WARN_UNGUARDED_AVAILABILITY = YES_AGGRESSIVE;
				CLANG_WARN_UNREACHABLE_CODE = YES;
				CLANG_WARN__DUPLICATE_METHOD_MATCH = YES;
				COPY_PHASE_STRIP = NO;
				DEBUG_INFORMATION_FORMAT = dwarf;
				ENABLE_STRICT_OBJC_MSGSEND = YES;
				ENABLE_TESTABILITY = YES;
				GCC_C_LANGUAGE_STANDARD = gnu11;
				GCC_DYNAMIC_NO_PIC = NO;
				GCC_NO_COMMON_BLOCKS = YES;
				GCC_OPTIMIZATION_LEVEL = 0;
				GCC_PREPROCESSOR_DEFINITIONS = (
					"DEBUG=1",
					"$(inherited)",
				);
				GCC_WARN_64_TO_32_BIT_CONVERSION = YES;
				GCC_WARN_ABOUT_RETURN_TYPE = YES_ERROR;
				GCC_WARN_UNDECLARED_SELECTOR = YES;
				GCC_WARN_UNINITIALIZED_AUTOS = YES_AGGRESSIVE;
				GCC_WARN_UNUSED_FUNCTION = YES;
				GCC_WARN_UNUSED_VARIABLE = YES;
				MTL_ENABLE_DEBUG_INFO = INCLUDE_SOURCE;
				MTL_FAST_MATH = YES;
				ONLY_ACTIVE_ARCH = YES;
				SWIFT_ACTIVE_COMPILATION_CONDITIONS = DEBUG;
				SWIFT_OPTIMIZATION_LEVEL = "-Onone";
			};
			name = Debug;
		};
		61883D1A26C5CDAD00216340 /* Release */ = {
			isa = XCBuildConfiguration;
			buildSettings = {
				ALWAYS_SEARCH_USER_PATHS = NO;
				CLANG_ANALYZER_NONNULL = YES;
				CLANG_ANALYZER_NUMBER_OBJECT_CONVERSION = YES_AGGRESSIVE;
				CLANG_CXX_LANGUAGE_STANDARD = "gnu++14";
				CLANG_CXX_LIBRARY = "libc++";
				CLANG_ENABLE_MODULES = YES;
				CLANG_ENABLE_OBJC_ARC = YES;
				CLANG_ENABLE_OBJC_WEAK = YES;
				CLANG_WARN_BLOCK_CAPTURE_AUTORELEASING = YES;
				CLANG_WARN_BOOL_CONVERSION = YES;
				CLANG_WARN_COMMA = YES;
				CLANG_WARN_CONSTANT_CONVERSION = YES;
				CLANG_WARN_DEPRECATED_OBJC_IMPLEMENTATIONS = YES;
				CLANG_WARN_DIRECT_OBJC_ISA_USAGE = YES_ERROR;
				CLANG_WARN_DOCUMENTATION_COMMENTS = YES;
				CLANG_WARN_EMPTY_BODY = YES;
				CLANG_WARN_ENUM_CONVERSION = YES;
				CLANG_WARN_INFINITE_RECURSION = YES;
				CLANG_WARN_INT_CONVERSION = YES;
				CLANG_WARN_NON_LITERAL_NULL_CONVERSION = YES;
				CLANG_WARN_OBJC_IMPLICIT_RETAIN_SELF = YES;
				CLANG_WARN_OBJC_LITERAL_CONVERSION = YES;
				CLANG_WARN_OBJC_ROOT_CLASS = YES_ERROR;
				CLANG_WARN_QUOTED_INCLUDE_IN_FRAMEWORK_HEADER = YES;
				CLANG_WARN_RANGE_LOOP_ANALYSIS = YES;
				CLANG_WARN_STRICT_PROTOTYPES = YES;
				CLANG_WARN_SUSPICIOUS_MOVE = YES;
				CLANG_WARN_UNGUARDED_AVAILABILITY = YES_AGGRESSIVE;
				CLANG_WARN_UNREACHABLE_CODE = YES;
				CLANG_WARN__DUPLICATE_METHOD_MATCH = YES;
				COPY_PHASE_STRIP = NO;
				DEBUG_INFORMATION_FORMAT = "dwarf-with-dsym";
				ENABLE_NS_ASSERTIONS = NO;
				ENABLE_STRICT_OBJC_MSGSEND = YES;
				GCC_C_LANGUAGE_STANDARD = gnu11;
				GCC_NO_COMMON_BLOCKS = YES;
				GCC_WARN_64_TO_32_BIT_CONVERSION = YES;
				GCC_WARN_ABOUT_RETURN_TYPE = YES_ERROR;
				GCC_WARN_UNDECLARED_SELECTOR = YES;
				GCC_WARN_UNINITIALIZED_AUTOS = YES_AGGRESSIVE;
				GCC_WARN_UNUSED_FUNCTION = YES;
				GCC_WARN_UNUSED_VARIABLE = YES;
				MTL_ENABLE_DEBUG_INFO = NO;
				MTL_FAST_MATH = YES;
				SWIFT_COMPILATION_MODE = wholemodule;
				SWIFT_OPTIMIZATION_LEVEL = "-O";
			};
			name = Release;
		};
		61883D1C26C5CDAD00216340 /* Debug */ = {
			isa = XCBuildConfiguration;
			buildSettings = {
				ASSETCATALOG_COMPILER_APPICON_NAME = AppIcon;
				ASSETCATALOG_COMPILER_GLOBAL_ACCENT_COLOR_NAME = AccentColor;
				CODE_SIGN_STYLE = Automatic;
				DEVELOPMENT_TEAM = 4WB58YL6KM;
				ENABLE_PREVIEWS = YES;
				INFOPLIST_FILE = iOS/Info.plist;
				IPHONEOS_DEPLOYMENT_TARGET = 14.0;
				LD_RUNPATH_SEARCH_PATHS = (
					"$(inherited)",
					"@executable_path/Frameworks",
				);
				PRODUCT_BUNDLE_IDENTIFIER = com.parksh.UdemyObserableObject;
				PRODUCT_NAME = UdemyObserableObject;
				SDKROOT = iphoneos;
				SWIFT_VERSION = 5.0;
				TARGETED_DEVICE_FAMILY = "1,2";
			};
			name = Debug;
		};
		61883D1D26C5CDAD00216340 /* Release */ = {
			isa = XCBuildConfiguration;
			buildSettings = {
				ASSETCATALOG_COMPILER_APPICON_NAME = AppIcon;
				ASSETCATALOG_COMPILER_GLOBAL_ACCENT_COLOR_NAME = AccentColor;
				CODE_SIGN_STYLE = Automatic;
				DEVELOPMENT_TEAM = 4WB58YL6KM;
				ENABLE_PREVIEWS = YES;
				INFOPLIST_FILE = iOS/Info.plist;
				IPHONEOS_DEPLOYMENT_TARGET = 14.0;
				LD_RUNPATH_SEARCH_PATHS = (
					"$(inherited)",
					"@executable_path/Frameworks",
				);
				PRODUCT_BUNDLE_IDENTIFIER = com.parksh.UdemyObserableObject;
				PRODUCT_NAME = UdemyObserableObject;
				SDKROOT = iphoneos;
				SWIFT_VERSION = 5.0;
				TARGETED_DEVICE_FAMILY = "1,2";
				VALIDATE_PRODUCT = YES;
			};
			name = Release;
		};
		61883D1F26C5CDAD00216340 /* Debug */ = {
			isa = XCBuildConfiguration;
			buildSettings = {
				ASSETCATALOG_COMPILER_APPICON_NAME = AppIcon;
				ASSETCATALOG_COMPILER_GLOBAL_ACCENT_COLOR_NAME = AccentColor;
				CODE_SIGN_ENTITLEMENTS = macOS/macOS.entitlements;
				CODE_SIGN_STYLE = Automatic;
				COMBINE_HIDPI_IMAGES = YES;
				DEVELOPMENT_TEAM = 4WB58YL6KM;
				ENABLE_HARDENED_RUNTIME = YES;
				ENABLE_PREVIEWS = YES;
				INFOPLIST_FILE = macOS/Info.plist;
				LD_RUNPATH_SEARCH_PATHS = (
					"$(inherited)",
					"@executable_path/../Frameworks",
				);
				MACOSX_DEPLOYMENT_TARGET = 11.0;
				PRODUCT_BUNDLE_IDENTIFIER = com.parksh.UdemyObserableObject;
				PRODUCT_NAME = UdemyObserableObject;
				SDKROOT = macosx;
				SWIFT_VERSION = 5.0;
			};
			name = Debug;
		};
		61883D2026C5CDAD00216340 /* Release */ = {
			isa = XCBuildConfiguration;
			buildSettings = {
				ASSETCATALOG_COMPILER_APPICON_NAME = AppIcon;
				ASSETCATALOG_COMPILER_GLOBAL_ACCENT_COLOR_NAME = AccentColor;
				CODE_SIGN_ENTITLEMENTS = macOS/macOS.entitlements;
				CODE_SIGN_STYLE = Automatic;
				COMBINE_HIDPI_IMAGES = YES;
				DEVELOPMENT_TEAM = 4WB58YL6KM;
				ENABLE_HARDENED_RUNTIME = YES;
				ENABLE_PREVIEWS = YES;
				INFOPLIST_FILE = macOS/Info.plist;
				LD_RUNPATH_SEARCH_PATHS = (
					"$(inherited)",
					"@executable_path/../Frameworks",
				);
				MACOSX_DEPLOYMENT_TARGET = 11.0;
				PRODUCT_BUNDLE_IDENTIFIER = com.parksh.UdemyObserableObject;
				PRODUCT_NAME = UdemyObserableObject;
				SDKROOT = macosx;
				SWIFT_VERSION = 5.0;
			};
			name = Release;
		};
/* End XCBuildConfiguration section */

/* Begin XCConfigurationList section */
		61883CFE26C5CDAA00216340 /* Build configuration list for PBXProject "UdemyObserableObject" */ = {
			isa = XCConfigurationList;
			buildConfigurations = (
				61883D1926C5CDAD00216340 /* Debug */,
				61883D1A26C5CDAD00216340 /* Release */,
			);
			defaultConfigurationIsVisible = 0;
			defaultConfigurationName = Release;
		};
		61883D1B26C5CDAD00216340 /* Build configuration list for PBXNativeTarget "UdemyObserableObject (iOS)" */ = {
			isa = XCConfigurationList;
			buildConfigurations = (
				61883D1C26C5CDAD00216340 /* Debug */,
				61883D1D26C5CDAD00216340 /* Release */,
			);
			defaultConfigurationIsVisible = 0;
			defaultConfigurationName = Release;
		};
		61883D1E26C5CDAD00216340 /* Build configuration list for PBXNativeTarget "UdemyObserableObject (macOS)" */ = {
			isa = XCConfigurationList;
			buildConfigurations = (
				61883D1F26C5CDAD00216340 /* Debug */,
				61883D2026C5CDAD00216340 /* Release */,
			);
			defaultConfigurationIsVisible = 0;
			defaultConfigurationName = Release;
		};
/* End XCConfigurationList section */
	};
	rootObject = 61883CFB26C5CDAA00216340 /* Project object */;
}
