// !$*UTF8*$!
{
	archiveVersion = 1;
	classes = {
	};
	objectVersion = 50;
	objects = {

/* Begin PBXBuildFile section */
		61515690261802D600DEDA8A /* stopWatch2App.swift in Sources */ = {isa = PBXBuildFile; fileRef = 6151567D261802D500DEDA8A /* stopWatch2App.swift */; };
		61515691261802D600DEDA8A /* stopWatch2App.swift in Sources */ = {isa = PBXBuildFile; fileRef = 6151567D261802D500DEDA8A /* stopWatch2App.swift */; };
		61515692261802D600DEDA8A /* ContentView.swift in Sources */ = {isa = PBXBuildFile; fileRef = 6151567E261802D500DEDA8A /* ContentView.swift */; };
		61515693261802D600DEDA8A /* ContentView.swift in Sources */ = {isa = PBXBuildFile; fileRef = 6151567E261802D500DEDA8A /* ContentView.swift */; };
		61515694261802D600DEDA8A /* Assets.xcassets in Resources */ = {isa = PBXBuildFile; fileRef = 6151567F261802D600DEDA8A /* Assets.xcassets */; };
		61515695261802D600DEDA8A /* Assets.xcassets in Resources */ = {isa = PBXBuildFile; fileRef = 6151567F261802D600DEDA8A /* Assets.xcassets */; };
		61705C972618D3DC0039EEFF /* MyButton.swift in Sources */ = {isa = PBXBuildFile; fileRef = 61705C962618D3DC0039EEFF /* MyButton.swift */; };
		61705C982618D3DC0039EEFF /* MyButton.swift in Sources */ = {isa = PBXBuildFile; fileRef = 61705C962618D3DC0039EEFF /* MyButton.swift */; };
		618ABE80261D5E490051456D /* AudioToolbox.framework in Frameworks */ = {isa = PBXBuildFile; fileRef = 618ABE7F261D5E490051456D /* AudioToolbox.framework */; };
		619506842619867100E62626 /* clockView.swift in Sources */ = {isa = PBXBuildFile; fileRef = 619506832619867100E62626 /* clockView.swift */; };
		619506852619867100E62626 /* clockView.swift in Sources */ = {isa = PBXBuildFile; fileRef = 619506832619867100E62626 /* clockView.swift */; };
/* End PBXBuildFile section */

/* Begin PBXFileReference section */
		6151567D261802D500DEDA8A /* stopWatch2App.swift */ = {isa = PBXFileReference; lastKnownFileType = sourcecode.swift; path = stopWatch2App.swift; sourceTree = "<group>"; };
		6151567E261802D500DEDA8A /* ContentView.swift */ = {isa = PBXFileReference; lastKnownFileType = sourcecode.swift; path = ContentView.swift; sourceTree = "<group>"; };
		6151567F261802D600DEDA8A /* Assets.xcassets */ = {isa = PBXFileReference; lastKnownFileType = folder.assetcatalog; path = Assets.xcassets; sourceTree = "<group>"; };
		61515684261802D600DEDA8A /* stopWatch2.app */ = {isa = PBXFileReference; explicitFileType = wrapper.application; includeInIndex = 0; path = stopWatch2.app; sourceTree = BUILT_PRODUCTS_DIR; };
		61515687261802D600DEDA8A /* Info.plist */ = {isa = PBXFileReference; lastKnownFileType = text.plist.xml; path = Info.plist; sourceTree = "<group>"; };
		6151568C261802D600DEDA8A /* stopWatch2.app */ = {isa = PBXFileReference; explicitFileType = wrapper.application; includeInIndex = 0; path = stopWatch2.app; sourceTree = BUILT_PRODUCTS_DIR; };
		6151568E261802D600DEDA8A /* Info.plist */ = {isa = PBXFileReference; lastKnownFileType = text.plist.xml; path = Info.plist; sourceTree = "<group>"; };
		6151568F261802D600DEDA8A /* macOS.entitlements */ = {isa = PBXFileReference; lastKnownFileType = text.plist.entitlements; path = macOS.entitlements; sourceTree = "<group>"; };
		61705C962618D3DC0039EEFF /* MyButton.swift */ = {isa = PBXFileReference; lastKnownFileType = sourcecode.swift; path = MyButton.swift; sourceTree = "<group>"; usesTabs = 0; };
		618ABE7D261D5E490051456D /* stopWatch2.entitlements */ = {isa = PBXFileReference; lastKnownFileType = text.plist.entitlements; path = stopWatch2.entitlements; sourceTree = "<group>"; };
		618ABE7F261D5E490051456D /* AudioToolbox.framework */ = {isa = PBXFileReference; lastKnownFileType = wrapper.framework; name = AudioToolbox.framework; path = Platforms/iPhoneOS.platform/Developer/SDKs/iPhoneOS14.4.sdk/System/Library/Frameworks/AudioToolbox.framework; sourceTree = DEVELOPER_DIR; };
		619506832619867100E62626 /* clockView.swift */ = {isa = PBXFileReference; lastKnownFileType = sourcecode.swift; path = clockView.swift; sourceTree = "<group>"; };
/* End PBXFileReference section */

/* Begin PBXFrameworksBuildPhase section */
		61515681261802D600DEDA8A /* Frameworks */ = {
			isa = PBXFrameworksBuildPhase;
			buildActionMask = 2147483647;
			files = (
				618ABE80261D5E490051456D /* AudioToolbox.framework in Frameworks */,
			);
			runOnlyForDeploymentPostprocessing = 0;
		};
		61515689261802D600DEDA8A /* Frameworks */ = {
			isa = PBXFrameworksBuildPhase;
			buildActionMask = 2147483647;
			files = (
			);
			runOnlyForDeploymentPostprocessing = 0;
		};
/* End PBXFrameworksBuildPhase section */

/* Begin PBXGroup section */
		61515677261802D500DEDA8A = {
			isa = PBXGroup;
			children = (
				618ABE7D261D5E490051456D /* stopWatch2.entitlements */,
				6151567C261802D500DEDA8A /* Shared */,
				61515686261802D600DEDA8A /* iOS */,
				6151568D261802D600DEDA8A /* macOS */,
				61515685261802D600DEDA8A /* Products */,
				618ABE7E261D5E490051456D /* Frameworks */,
			);
			sourceTree = "<group>";
		};
		6151567C261802D500DEDA8A /* Shared */ = {
			isa = PBXGroup;
			children = (
				6151567D261802D500DEDA8A /* stopWatch2App.swift */,
				6151567E261802D500DEDA8A /* ContentView.swift */,
				619506832619867100E62626 /* clockView.swift */,
				61705C962618D3DC0039EEFF /* MyButton.swift */,
				6151567F261802D600DEDA8A /* Assets.xcassets */,
			);
			path = Shared;
			sourceTree = "<group>";
		};
		61515685261802D600DEDA8A /* Products */ = {
			isa = PBXGroup;
			children = (
				61515684261802D600DEDA8A /* stopWatch2.app */,
				6151568C261802D600DEDA8A /* stopWatch2.app */,
			);
			name = Products;
			sourceTree = "<group>";
		};
		61515686261802D600DEDA8A /* iOS */ = {
			isa = PBXGroup;
			children = (
				61515687261802D600DEDA8A /* Info.plist */,
			);
			path = iOS;
			sourceTree = "<group>";
		};
		6151568D261802D600DEDA8A /* macOS */ = {
			isa = PBXGroup;
			children = (
				6151568E261802D600DEDA8A /* Info.plist */,
				6151568F261802D600DEDA8A /* macOS.entitlements */,
			);
			path = macOS;
			sourceTree = "<group>";
		};
		618ABE7E261D5E490051456D /* Frameworks */ = {
			isa = PBXGroup;
			children = (
				618ABE7F261D5E490051456D /* AudioToolbox.framework */,
			);
			name = Frameworks;
			sourceTree = "<group>";
		};
/* End PBXGroup section */

/* Begin PBXNativeTarget section */
		61515683261802D600DEDA8A /* stopWatch2 (iOS) */ = {
			isa = PBXNativeTarget;
			buildConfigurationList = 61515698261802D600DEDA8A /* Build configuration list for PBXNativeTarget "stopWatch2 (iOS)" */;
			buildPhases = (
				61515680261802D600DEDA8A /* Sources */,
				61515681261802D600DEDA8A /* Frameworks */,
				61515682261802D600DEDA8A /* Resources */,
			);
			buildRules = (
			);
			dependencies = (
			);
			name = "stopWatch2 (iOS)";
			productName = "sropWatch2 (iOS)";
			productReference = 61515684261802D600DEDA8A /* stopWatch2.app */;
			productType = "com.apple.product-type.application";
		};
		6151568B261802D600DEDA8A /* stopWatch2 (macOS) */ = {
			isa = PBXNativeTarget;
			buildConfigurationList = 6151569B261802D600DEDA8A /* Build configuration list for PBXNativeTarget "stopWatch2 (macOS)" */;
			buildPhases = (
				61515688261802D600DEDA8A /* Sources */,
				61515689261802D600DEDA8A /* Frameworks */,
				6151568A261802D600DEDA8A /* Resources */,
			);
			buildRules = (
			);
			dependencies = (
			);
			name = "stopWatch2 (macOS)";
			productName = "sropWatch2 (macOS)";
			productReference = 6151568C261802D600DEDA8A /* stopWatch2.app */;
			productType = "com.apple.product-type.application";
		};
/* End PBXNativeTarget section */

/* Begin PBXProject section */
		61515678261802D500DEDA8A /* Project object */ = {
			isa = PBXProject;
			attributes = {
				LastSwiftUpdateCheck = 1240;
				LastUpgradeCheck = 1240;
				TargetAttributes = {
					61515683261802D600DEDA8A = {
						CreatedOnToolsVersion = 12.4;
					};
					6151568B261802D600DEDA8A = {
						CreatedOnToolsVersion = 12.4;
					};
				};
			};
			buildConfigurationList = 6151567B261802D500DEDA8A /* Build configuration list for PBXProject "stopWatch2" */;
			compatibilityVersion = "Xcode 9.3";
			developmentRegion = en;
			hasScannedForEncodings = 0;
			knownRegions = (
				en,
				Base,
			);
			mainGroup = 61515677261802D500DEDA8A;
			productRefGroup = 61515685261802D600DEDA8A /* Products */;
			projectDirPath = "";
			projectRoot = "";
			targets = (
				61515683261802D600DEDA8A /* stopWatch2 (iOS) */,
				6151568B261802D600DEDA8A /* stopWatch2 (macOS) */,
			);
		};
/* End PBXProject section */

/* Begin PBXResourcesBuildPhase section */
		61515682261802D600DEDA8A /* Resources */ = {
			isa = PBXResourcesBuildPhase;
			buildActionMask = 2147483647;
			files = (
				61515694261802D600DEDA8A /* Assets.xcassets in Resources */,
			);
			runOnlyForDeploymentPostprocessing = 0;
		};
		6151568A261802D600DEDA8A /* Resources */ = {
			isa = PBXResourcesBuildPhase;
			buildActionMask = 2147483647;
			files = (
				61515695261802D600DEDA8A /* Assets.xcassets in Resources */,
			);
			runOnlyForDeploymentPostprocessing = 0;
		};
/* End PBXResourcesBuildPhase section */

/* Begin PBXSourcesBuildPhase section */
		61515680261802D600DEDA8A /* Sources */ = {
			isa = PBXSourcesBuildPhase;
			buildActionMask = 2147483647;
			files = (
				61515692261802D600DEDA8A /* ContentView.swift in Sources */,
				619506842619867100E62626 /* clockView.swift in Sources */,
				61515690261802D600DEDA8A /* stopWatch2App.swift in Sources */,
				61705C972618D3DC0039EEFF /* MyButton.swift in Sources */,
			);
			runOnlyForDeploymentPostprocessing = 0;
		};
		61515688261802D600DEDA8A /* Sources */ = {
			isa = PBXSourcesBuildPhase;
			buildActionMask = 2147483647;
			files = (
				61515693261802D600DEDA8A /* ContentView.swift in Sources */,
				619506852619867100E62626 /* clockView.swift in Sources */,
				61515691261802D600DEDA8A /* stopWatch2App.swift in Sources */,
				61705C982618D3DC0039EEFF /* MyButton.swift in Sources */,
			);
			runOnlyForDeploymentPostprocessing = 0;
		};
/* End PBXSourcesBuildPhase section */

/* Begin XCBuildConfiguration section */
		61515696261802D600DEDA8A /* Debug */ = {
			isa = XCBuildConfiguration;
			buildSettings = {
				ALWAYS_SEARCH_USER_PATHS = NO;
				CLANG_ANALYZER_NONNULL = YES;
				CLANG_ANALYZER_NUMBER_OBJECT_CONVERSION = YES_AGGRESSIVE;
				CLANG_CXX_LANGUAGE_STANDARD = "gnu++14";
				CLANG_CXX_LIBRARY = "libc++";
				CLANG_ENABLE_MODULES = YES;
				CLANG_ENABLE_OBJC_ARC = YES;
				CLANG_ENABLE_OBJC_WEAK = YES;
				CLANG_WARN_BLOCK_CAPTURE_AUTORELEASING = YES;
				CLANG_WARN_BOOL_CONVERSION = YES;
				CLANG_WARN_COMMA = YES;
				CLANG_WARN_CONSTANT_CONVERSION = YES;
				CLANG_WARN_DEPRECATED_OBJC_IMPLEMENTATIONS = YES;
				CLANG_WARN_DIRECT_OBJC_ISA_USAGE = YES_ERROR;
				CLANG_WARN_DOCUMENTATION_COMMENTS = YES;
				CLANG_WARN_EMPTY_BODY = YES;
				CLANG_WARN_ENUM_CONVERSION = YES;
				CLANG_WARN_INFINITE_RECURSION = YES;
				CLANG_WARN_INT_CONVERSION = YES;
				CLANG_WARN_NON_LITERAL_NULL_CONVERSION = YES;
				CLANG_WARN_OBJC_IMPLICIT_RETAIN_SELF = YES;
				CLANG_WARN_OBJC_LITERAL_CONVERSION = YES;
				CLANG_WARN_OBJC_ROOT_CLASS = YES_ERROR;
				CLANG_WARN_QUOTED_INCLUDE_IN_FRAMEWORK_HEADER = YES;
				CLANG_WARN_RANGE_LOOP_ANALYSIS = YES;
				CLANG_WARN_STRICT_PROTOTYPES = YES;
				CLANG_WARN_SUSPICIOUS_MOVE = YES;
				CLANG_WARN_UNGUARDED_AVAILABILITY = YES_AGGRESSIVE;
				CLANG_WARN_UNREACHABLE_CODE = YES;
				CLANG_WARN__DUPLICATE_METHOD_MATCH = YES;
				COPY_PHASE_STRIP = NO;
				DEBUG_INFORMATION_FORMAT = dwarf;
				ENABLE_STRICT_OBJC_MSGSEND = YES;
				ENABLE_TESTABILITY = YES;
				GCC_C_LANGUAGE_STANDARD = gnu11;
				GCC_DYNAMIC_NO_PIC = NO;
				GCC_NO_COMMON_BLOCKS = YES;
				GCC_OPTIMIZATION_LEVEL = 0;
				GCC_PREPROCESSOR_DEFINITIONS = (
					"DEBUG=1",
					"$(inherited)",
				);
				GCC_WARN_64_TO_32_BIT_CONVERSION = YES;
				GCC_WARN_ABOUT_RETURN_TYPE = YES_ERROR;
				GCC_WARN_UNDECLARED_SELECTOR = YES;
				GCC_WARN_UNINITIALIZED_AUTOS = YES_AGGRESSIVE;
				GCC_WARN_UNUSED_FUNCTION = YES;
				GCC_WARN_UNUSED_VARIABLE = YES;
				MTL_ENABLE_DEBUG_INFO = INCLUDE_SOURCE;
				MTL_FAST_MATH = YES;
				ONLY_ACTIVE_ARCH = YES;
				SWIFT_ACTIVE_COMPILATION_CONDITIONS = DEBUG;
				SWIFT_OPTIMIZATION_LEVEL = "-Onone";
			};
			name = Debug;
		};
		61515697261802D600DEDA8A /* Release */ = {
			isa = XCBuildConfiguration;
			buildSettings = {
				ALWAYS_SEARCH_USER_PATHS = NO;
				CLANG_ANALYZER_NONNULL = YES;
				CLANG_ANALYZER_NUMBER_OBJECT_CONVERSION = YES_AGGRESSIVE;
				CLANG_CXX_LANGUAGE_STANDARD = "gnu++14";
				CLANG_CXX_LIBRARY = "libc++";
				CLANG_ENABLE_MODULES = YES;
				CLANG_ENABLE_OBJC_ARC = YES;
				CLANG_ENABLE_OBJC_WEAK = YES;
				CLANG_WARN_BLOCK_CAPTURE_AUTORELEASING = YES;
				CLANG_WARN_BOOL_CONVERSION = YES;
				CLANG_WARN_COMMA = YES;
				CLANG_WARN_CONSTANT_CONVERSION = YES;
				CLANG_WARN_DEPRECATED_OBJC_IMPLEMENTATIONS = YES;
				CLANG_WARN_DIRECT_OBJC_ISA_USAGE = YES_ERROR;
				CLANG_WARN_DOCUMENTATION_COMMENTS = YES;
				CLANG_WARN_EMPTY_BODY = YES;
				CLANG_WARN_ENUM_CONVERSION = YES;
				CLANG_WARN_INFINITE_RECURSION = YES;
				CLANG_WARN_INT_CONVERSION = YES;
				CLANG_WARN_NON_LITERAL_NULL_CONVERSION = YES;
				CLANG_WARN_OBJC_IMPLICIT_RETAIN_SELF = YES;
				CLANG_WARN_OBJC_LITERAL_CONVERSION = YES;
				CLANG_WARN_OBJC_ROOT_CLASS = YES_ERROR;
				CLANG_WARN_QUOTED_INCLUDE_IN_FRAMEWORK_HEADER = YES;
				CLANG_WARN_RANGE_LOOP_ANALYSIS = YES;
				CLANG_WARN_STRICT_PROTOTYPES = YES;
				CLANG_WARN_SUSPICIOUS_MOVE = YES;
				CLANG_WARN_UNGUARDED_AVAILABILITY = YES_AGGRESSIVE;
				CLANG_WARN_UNREACHABLE_CODE = YES;
				CLANG_WARN__DUPLICATE_METHOD_MATCH = YES;
				COPY_PHASE_STRIP = NO;
				DEBUG_INFORMATION_FORMAT = "dwarf-with-dsym";
				ENABLE_NS_ASSERTIONS = NO;
				ENABLE_STRICT_OBJC_MSGSEND = YES;
				GCC_C_LANGUAGE_STANDARD = gnu11;
				GCC_NO_COMMON_BLOCKS = YES;
				GCC_WARN_64_TO_32_BIT_CONVERSION = YES;
				GCC_WARN_ABOUT_RETURN_TYPE = YES_ERROR;
				GCC_WARN_UNDECLARED_SELECTOR = YES;
				GCC_WARN_UNINITIALIZED_AUTOS = YES_AGGRESSIVE;
				GCC_WARN_UNUSED_FUNCTION = YES;
				GCC_WARN_UNUSED_VARIABLE = YES;
				MTL_ENABLE_DEBUG_INFO = NO;
				MTL_FAST_MATH = YES;
				SWIFT_COMPILATION_MODE = wholemodule;
				SWIFT_OPTIMIZATION_LEVEL = "-O";
			};
			name = Release;
		};
		61515699261802D600DEDA8A /* Debug */ = {
			isa = XCBuildConfiguration;
			buildSettings = {
				ASSETCATALOG_COMPILER_APPICON_NAME = AppIcon;
				ASSETCATALOG_COMPILER_GLOBAL_ACCENT_COLOR_NAME = AccentColor;
				CODE_SIGN_ENTITLEMENTS = stopWatch2.entitlements;
				CODE_SIGN_STYLE = Automatic;
				DEVELOPMENT_TEAM = 4WB58YL6KM;
				ENABLE_PREVIEWS = YES;
				INFOPLIST_FILE = iOS/Info.plist;
				IPHONEOS_DEPLOYMENT_TARGET = 14.0;
				LD_RUNPATH_SEARCH_PATHS = (
					"$(inherited)",
					"@executable_path/Frameworks",
				);
				PRODUCT_BUNDLE_IDENTIFIER = com.aostopWatch;
				PRODUCT_NAME = stopWatch2;
				SDKROOT = iphoneos;
				SWIFT_VERSION = 5.0;
				TARGETED_DEVICE_FAMILY = "1,2";
			};
			name = Debug;
		};
		6151569A261802D600DEDA8A /* Release */ = {
			isa = XCBuildConfiguration;
			buildSettings = {
				ASSETCATALOG_COMPILER_APPICON_NAME = AppIcon;
				ASSETCATALOG_COMPILER_GLOBAL_ACCENT_COLOR_NAME = AccentColor;
				CODE_SIGN_ENTITLEMENTS = stopWatch2.entitlements;
				CODE_SIGN_STYLE = Automatic;
				DEVELOPMENT_TEAM = 4WB58YL6KM;
				ENABLE_PREVIEWS = YES;
				INFOPLIST_FILE = iOS/Info.plist;
				IPHONEOS_DEPLOYMENT_TARGET = 14.0;
				LD_RUNPATH_SEARCH_PATHS = (
					"$(inherited)",
					"@executable_path/Frameworks",
				);
				PRODUCT_BUNDLE_IDENTIFIER = com.aostopWatch;
				PRODUCT_NAME = stopWatch2;
				SDKROOT = iphoneos;
				SWIFT_VERSION = 5.0;
				TARGETED_DEVICE_FAMILY = "1,2";
				VALIDATE_PRODUCT = YES;
			};
			name = Release;
		};
		6151569C261802D600DEDA8A /* Debug */ = {
			isa = XCBuildConfiguration;
			buildSettings = {
				ASSETCATALOG_COMPILER_APPICON_NAME = AppIcon;
				ASSETCATALOG_COMPILER_GLOBAL_ACCENT_COLOR_NAME = AccentColor;
				CODE_SIGN_ENTITLEMENTS = macOS/macOS.entitlements;
				CODE_SIGN_IDENTITY = "Apple Development";
				CODE_SIGN_STYLE = Automatic;
				COMBINE_HIDPI_IMAGES = YES;
				DEVELOPMENT_TEAM = 4WB58YL6KM;
				ENABLE_HARDENED_RUNTIME = YES;
				ENABLE_PREVIEWS = YES;
				INFOPLIST_FILE = macOS/Info.plist;
				LD_RUNPATH_SEARCH_PATHS = (
					"$(inherited)",
					"@executable_path/../Frameworks",
				);
				MACOSX_DEPLOYMENT_TARGET = 11.0;
				PRODUCT_BUNDLE_IDENTIFIER = com.aostopWatch;
				PRODUCT_NAME = stopWatch2;
				PROVISIONING_PROFILE_SPECIFIER = "";
				SDKROOT = macosx;
				SWIFT_VERSION = 5.0;
			};
			name = Debug;
		};
		6151569D261802D600DEDA8A /* Release */ = {
			isa = XCBuildConfiguration;
			buildSettings = {
				ASSETCATALOG_COMPILER_APPICON_NAME = AppIcon;
				ASSETCATALOG_COMPILER_GLOBAL_ACCENT_COLOR_NAME = AccentColor;
				CODE_SIGN_ENTITLEMENTS = macOS/macOS.entitlements;
				CODE_SIGN_IDENTITY = "Apple Development";
				CODE_SIGN_STYLE = Automatic;
				COMBINE_HIDPI_IMAGES = YES;
				DEVELOPMENT_TEAM = 4WB58YL6KM;
				ENABLE_HARDENED_RUNTIME = YES;
				ENABLE_PREVIEWS = YES;
				INFOPLIST_FILE = macOS/Info.plist;
				LD_RUNPATH_SEARCH_PATHS = (
					"$(inherited)",
					"@executable_path/../Frameworks",
				);
				MACOSX_DEPLOYMENT_TARGET = 11.0;
				PRODUCT_BUNDLE_IDENTIFIER = com.aostopWatch;
				PRODUCT_NAME = stopWatch2;
				PROVISIONING_PROFILE_SPECIFIER = "";
				SDKROOT = macosx;
				SWIFT_VERSION = 5.0;
			};
			name = Release;
		};
/* End XCBuildConfiguration section */

/* Begin XCConfigurationList section */
		6151567B261802D500DEDA8A /* Build configuration list for PBXProject "stopWatch2" */ = {
			isa = XCConfigurationList;
			buildConfigurations = (
				61515696261802D600DEDA8A /* Debug */,
				61515697261802D600DEDA8A /* Release */,
			);
			defaultConfigurationIsVisible = 0;
			defaultConfigurationName = Release;
		};
		61515698261802D600DEDA8A /* Build configuration list for PBXNativeTarget "stopWatch2 (iOS)" */ = {
			isa = XCConfigurationList;
			buildConfigurations = (
				61515699261802D600DEDA8A /* Debug */,
				6151569A261802D600DEDA8A /* Release */,
			);
			defaultConfigurationIsVisible = 0;
			defaultConfigurationName = Release;
		};
		6151569B261802D600DEDA8A /* Build configuration list for PBXNativeTarget "stopWatch2 (macOS)" */ = {
			isa = XCConfigurationList;
			buildConfigurations = (
				6151569C261802D600DEDA8A /* Debug */,
				6151569D261802D600DEDA8A /* Release */,
			);
			defaultConfigurationIsVisible = 0;
			defaultConfigurationName = Release;
		};
/* End XCConfigurationList section */
	};
	rootObject = 61515678261802D500DEDA8A /* Project object */;
}
